
Microsoft Visual Studio Solution File, Format Version 12.00
# Visual Studio 14
VisualStudioVersion = 14.0.25420.1
MinimumVisualStudioVersion = 10.0.40219.1
Project("{FAE04EC0-301F-11D3-BF4B-00C04F79EFBC}") = "UrlEnconding", "UrlEnconding\UrlEnconding.csproj", "{3B7BFE94-65DA-4951-938F-31F30F3896AF}"
EndProject
Project("{FAE04EC0-301F-11D3-BF4B-00C04F79EFBC}") = "PCLibrary", "PCLibrary\PCLibrary.csproj", "{17A6FEEE-06AF-46A2-81E3-30C014499623}"
EndProject
Global
	GlobalSection(SolutionConfigurationPlatforms) = preSolution
		Debug|Any CPU = Debug|Any CPU
		Release|Any CPU = Release|Any CPU
	EndGlobalSection
	GlobalSection(ProjectConfigurationPlatforms) = postSolution
		{3B7BFE94-65DA-4951-938F-31F30F3896AF}.Debug|Any CPU.ActiveCfg = Debug|Any CPU
		{3B7BFE94-65DA-4951-938F-31F30F3896AF}.Debug|Any CPU.Build.0 = Debug|Any CPU
		{3B7BFE94-65DA-4951-938F-31F30F3896AF}.Release|Any CPU.ActiveCfg = Release|Any CPU
		{3B7BFE94-65DA-4951-938F-31F30F3896AF}.Release|Any CPU.Build.0 = Release|Any CPU
		{17A6FEEE-06AF-46A2-81E3-30C014499623}.Debug|Any CPU.ActiveCfg = Debug|Any CPU
		{17A6FEEE-06AF-46A2-81E3-30C014499623}.Debug|Any CPU.Build.0 = Debug|Any CPU
		{17A6FEEE-06AF-46A2-81E3-30C014499623}.Release|Any CPU.ActiveCfg = Release|Any CPU
		{17A6FEEE-06AF-46A2-81E3-30C014499623}.Release|Any CPU.Build.0 = Release|Any CPU
	EndGlobalSection
	GlobalSection(SolutionProperties) = preSolution
		HideSolutionNode = FALSE
	EndGlobalSection
EndGlobal
