
Microsoft Visual Studio Solution File, Format Version 12.00
# Visual Studio 15
VisualStudioVersion = 15.0.26430.6
MinimumVisualStudioVersion = 10.0.40219.1
Project("{2150E333-8FDC-42A3-9474-1A3956D46DE8}") = "Server", "Server", "{5BD2E6FF-3D45-42DA-827B-E7E2CF38F057}"
EndProject
Project("{2150E333-8FDC-42A3-9474-1A3956D46DE8}") = "Client", "Client", "{09A78022-C304-4A53-B552-DCE8918535ED}"
EndProject
Project("{FAE04EC0-301F-11D3-BF4B-00C04F79EFBC}") = "SelfHostedServer", "SelfHostedServer\SelfHostedServer.csproj", "{74552BA6-D975-4763-A02A-7C767190B941}"
EndProject
Project("{FAE04EC0-301F-11D3-BF4B-00C04F79EFBC}") = "ConsoleClient", "ConsoleClient\ConsoleClient.csproj", "{AC5FAD28-82AD-4794-B2C5-0667B41B33B1}"
EndProject
Global
	GlobalSection(SolutionConfigurationPlatforms) = preSolution
		Debug|Any CPU = Debug|Any CPU
		Release|Any CPU = Release|Any CPU
	EndGlobalSection
	GlobalSection(ProjectConfigurationPlatforms) = postSolution
		{74552BA6-D975-4763-A02A-7C767190B941}.Debug|Any CPU.ActiveCfg = Debug|Any CPU
		{74552BA6-D975-4763-A02A-7C767190B941}.Debug|Any CPU.Build.0 = Debug|Any CPU
		{74552BA6-D975-4763-A02A-7C767190B941}.Release|Any CPU.ActiveCfg = Release|Any CPU
		{74552BA6-D975-4763-A02A-7C767190B941}.Release|Any CPU.Build.0 = Release|Any CPU
		{AC5FAD28-82AD-4794-B2C5-0667B41B33B1}.Debug|Any CPU.ActiveCfg = Debug|Any CPU
		{AC5FAD28-82AD-4794-B2C5-0667B41B33B1}.Debug|Any CPU.Build.0 = Debug|Any CPU
		{AC5FAD28-82AD-4794-B2C5-0667B41B33B1}.Release|Any CPU.ActiveCfg = Release|Any CPU
		{AC5FAD28-82AD-4794-B2C5-0667B41B33B1}.Release|Any CPU.Build.0 = Release|Any CPU
	EndGlobalSection
	GlobalSection(SolutionProperties) = preSolution
		HideSolutionNode = FALSE
	EndGlobalSection
	GlobalSection(NestedProjects) = preSolution
		{74552BA6-D975-4763-A02A-7C767190B941} = {5BD2E6FF-3D45-42DA-827B-E7E2CF38F057}
		{AC5FAD28-82AD-4794-B2C5-0667B41B33B1} = {09A78022-C304-4A53-B552-DCE8918535ED}
	EndGlobalSection
EndGlobal
