
Microsoft Visual Studio Solution File, Format Version 12.00
# Visual Studio 15
VisualStudioVersion = 15.0.25914.0
MinimumVisualStudioVersion = 10.0.40219.1
Project("{FAE04EC0-301F-11D3-BF4B-00C04F79EFBC}") = "HTMLCrawling", "HTMLCrawling\HTMLCrawling.csproj", "{5ABE4AFE-3761-4911-A54D-AB87932B4337}"
EndProject
Project("{FAE04EC0-301F-11D3-BF4B-00C04F79EFBC}") = "WebSite", "WebSite\WebSite.csproj", "{D568CAB4-8913-4CA9-A294-CC773554988E}"
EndProject
Global
	GlobalSection(SolutionConfigurationPlatforms) = preSolution
		Debug|Any CPU = Debug|Any CPU
		Release|Any CPU = Release|Any CPU
	EndGlobalSection
	GlobalSection(ProjectConfigurationPlatforms) = postSolution
		{5ABE4AFE-3761-4911-A54D-AB87932B4337}.Debug|Any CPU.ActiveCfg = Debug|Any CPU
		{5ABE4AFE-3761-4911-A54D-AB87932B4337}.Debug|Any CPU.Build.0 = Debug|Any CPU
		{5ABE4AFE-3761-4911-A54D-AB87932B4337}.Release|Any CPU.ActiveCfg = Release|Any CPU
		{5ABE4AFE-3761-4911-A54D-AB87932B4337}.Release|Any CPU.Build.0 = Release|Any CPU
		{D568CAB4-8913-4CA9-A294-CC773554988E}.Debug|Any CPU.ActiveCfg = Debug|Any CPU
		{D568CAB4-8913-4CA9-A294-CC773554988E}.Debug|Any CPU.Build.0 = Debug|Any CPU
		{D568CAB4-8913-4CA9-A294-CC773554988E}.Release|Any CPU.ActiveCfg = Release|Any CPU
		{D568CAB4-8913-4CA9-A294-CC773554988E}.Release|Any CPU.Build.0 = Release|Any CPU
	EndGlobalSection
	GlobalSection(SolutionProperties) = preSolution
		HideSolutionNode = FALSE
	EndGlobalSection
EndGlobal
