
Microsoft Visual Studio Solution File, Format Version 12.00
# Visual Studio 15
VisualStudioVersion = 15.0.26730.16
MinimumVisualStudioVersion = 10.0.40219.1
Project("{9A19103F-16F7-4668-BE54-9A1E7A4F7556}") = "CoreWeb", "CoreWeb\CoreWeb.csproj", "{1D6ACBD9-EF68-4B50-9486-5F375D6464D7}"
EndProject
Project("{FAE04EC0-301F-11D3-BF4B-00C04F79EFBC}") = "FrameworkWeb", "FrameworkWeb\FrameworkWeb.csproj", "{8F5D1419-84DD-4348-9442-D5A6A4E66B87}"
EndProject
Project("{FAE04EC0-301F-11D3-BF4B-00C04F79EFBC}") = "DataLibrary", "DataLibrary\DataLibrary.csproj", "{31C9A5AC-6BE0-4FF4-A747-B2E55DAC9F2A}"
EndProject
Global
	GlobalSection(SolutionConfigurationPlatforms) = preSolution
		Debug|Any CPU = Debug|Any CPU
		Release|Any CPU = Release|Any CPU
	EndGlobalSection
	GlobalSection(ProjectConfigurationPlatforms) = postSolution
		{1D6ACBD9-EF68-4B50-9486-5F375D6464D7}.Debug|Any CPU.ActiveCfg = Debug|Any CPU
		{1D6ACBD9-EF68-4B50-9486-5F375D6464D7}.Debug|Any CPU.Build.0 = Debug|Any CPU
		{1D6ACBD9-EF68-4B50-9486-5F375D6464D7}.Release|Any CPU.ActiveCfg = Release|Any CPU
		{1D6ACBD9-EF68-4B50-9486-5F375D6464D7}.Release|Any CPU.Build.0 = Release|Any CPU
		{8F5D1419-84DD-4348-9442-D5A6A4E66B87}.Debug|Any CPU.ActiveCfg = Debug|Any CPU
		{8F5D1419-84DD-4348-9442-D5A6A4E66B87}.Debug|Any CPU.Build.0 = Debug|Any CPU
		{8F5D1419-84DD-4348-9442-D5A6A4E66B87}.Release|Any CPU.ActiveCfg = Release|Any CPU
		{8F5D1419-84DD-4348-9442-D5A6A4E66B87}.Release|Any CPU.Build.0 = Release|Any CPU
		{31C9A5AC-6BE0-4FF4-A747-B2E55DAC9F2A}.Debug|Any CPU.ActiveCfg = Debug|Any CPU
		{31C9A5AC-6BE0-4FF4-A747-B2E55DAC9F2A}.Debug|Any CPU.Build.0 = Debug|Any CPU
		{31C9A5AC-6BE0-4FF4-A747-B2E55DAC9F2A}.Release|Any CPU.ActiveCfg = Release|Any CPU
		{31C9A5AC-6BE0-4FF4-A747-B2E55DAC9F2A}.Release|Any CPU.Build.0 = Release|Any CPU
	EndGlobalSection
	GlobalSection(SolutionProperties) = preSolution
		HideSolutionNode = FALSE
	EndGlobalSection
	GlobalSection(ExtensibilityGlobals) = postSolution
		SolutionGuid = {94E9E954-0882-45EC-819C-890F8443E0BF}
	EndGlobalSection
EndGlobal
