
Microsoft Visual Studio Solution File, Format Version 12.00
# Visual Studio 14
VisualStudioVersion = 14.0.25420.1
MinimumVisualStudioVersion = 10.0.40219.1
Project("{FAE04EC0-301F-11D3-BF4B-00C04F79EFBC}") = "GenericWcfClient", "GenericWcfClient\GenericWcfClient.csproj", "{90806850-357C-417D-AAF4-3E68BCAD239E}"
EndProject
Project("{FAE04EC0-301F-11D3-BF4B-00C04F79EFBC}") = "TestApp", "TestApp\TestApp.csproj", "{8525272C-1C5D-4461-9B60-253345372346}"
EndProject
Project("{FAE04EC0-301F-11D3-BF4B-00C04F79EFBC}") = "Service.Contract", "Service.Contract\Service.Contract.csproj", "{8D8F04D5-2F20-42C8-887E-1FE81876AEB6}"
EndProject
Project("{FAE04EC0-301F-11D3-BF4B-00C04F79EFBC}") = "Service.App", "Service.App\Service.App.csproj", "{D551AE5F-733D-422B-B54B-8624BC3494F9}"
EndProject
Project("{FAE04EC0-301F-11D3-BF4B-00C04F79EFBC}") = "ReferenceLibrary", "ReferenceLibrary\ReferenceLibrary.csproj", "{10729C5A-E112-4BE5-A234-3BB272060293}"
EndProject
Project("{FAE04EC0-301F-11D3-BF4B-00C04F79EFBC}") = "App1", "App1\App1.csproj", "{13FA0F84-E515-4DC3-AC76-3B00C42C235E}"
EndProject
Project("{FAE04EC0-301F-11D3-BF4B-00C04F79EFBC}") = "EventAggregatorLibrary", "EventAggregatorLibrary\EventAggregatorLibrary.csproj", "{41C69361-BADB-4751-A74F-9F2CB4E3591D}"
EndProject
Project("{8BB2217D-0F2D-49D1-97BC-3654ED321F3B}") = "EventUsingApp", "EventUsingApp\EventUsingApp.xproj", "{4AE6FD1E-1211-426D-AE73-D4D2D1E34A02}"
EndProject
Project("{8BB2217D-0F2D-49D1-97BC-3654ED321F3B}") = "CoreLibrary", "CoreLibrary\CoreLibrary.xproj", "{4D1D5BAA-8D0A-4F21-9D22-E1FCC41292E6}"
EndProject
Global
	GlobalSection(SolutionConfigurationPlatforms) = preSolution
		Debug|Any CPU = Debug|Any CPU
		Debug|ARM = Debug|ARM
		Debug|x64 = Debug|x64
		Debug|x86 = Debug|x86
		Release|Any CPU = Release|Any CPU
		Release|ARM = Release|ARM
		Release|x64 = Release|x64
		Release|x86 = Release|x86
	EndGlobalSection
	GlobalSection(ProjectConfigurationPlatforms) = postSolution
		{90806850-357C-417D-AAF4-3E68BCAD239E}.Debug|Any CPU.ActiveCfg = Debug|Any CPU
		{90806850-357C-417D-AAF4-3E68BCAD239E}.Debug|Any CPU.Build.0 = Debug|Any CPU
		{90806850-357C-417D-AAF4-3E68BCAD239E}.Debug|ARM.ActiveCfg = Debug|Any CPU
		{90806850-357C-417D-AAF4-3E68BCAD239E}.Debug|ARM.Build.0 = Debug|Any CPU
		{90806850-357C-417D-AAF4-3E68BCAD239E}.Debug|x64.ActiveCfg = Debug|Any CPU
		{90806850-357C-417D-AAF4-3E68BCAD239E}.Debug|x64.Build.0 = Debug|Any CPU
		{90806850-357C-417D-AAF4-3E68BCAD239E}.Debug|x86.ActiveCfg = Debug|Any CPU
		{90806850-357C-417D-AAF4-3E68BCAD239E}.Debug|x86.Build.0 = Debug|Any CPU
		{90806850-357C-417D-AAF4-3E68BCAD239E}.Release|Any CPU.ActiveCfg = Release|Any CPU
		{90806850-357C-417D-AAF4-3E68BCAD239E}.Release|Any CPU.Build.0 = Release|Any CPU
		{90806850-357C-417D-AAF4-3E68BCAD239E}.Release|ARM.ActiveCfg = Release|Any CPU
		{90806850-357C-417D-AAF4-3E68BCAD239E}.Release|ARM.Build.0 = Release|Any CPU
		{90806850-357C-417D-AAF4-3E68BCAD239E}.Release|x64.ActiveCfg = Release|Any CPU
		{90806850-357C-417D-AAF4-3E68BCAD239E}.Release|x64.Build.0 = Release|Any CPU
		{90806850-357C-417D-AAF4-3E68BCAD239E}.Release|x86.ActiveCfg = Release|Any CPU
		{90806850-357C-417D-AAF4-3E68BCAD239E}.Release|x86.Build.0 = Release|Any CPU
		{8525272C-1C5D-4461-9B60-253345372346}.Debug|Any CPU.ActiveCfg = Debug|x86
		{8525272C-1C5D-4461-9B60-253345372346}.Debug|Any CPU.Build.0 = Debug|x86
		{8525272C-1C5D-4461-9B60-253345372346}.Debug|Any CPU.Deploy.0 = Debug|x86
		{8525272C-1C5D-4461-9B60-253345372346}.Debug|ARM.ActiveCfg = Debug|ARM
		{8525272C-1C5D-4461-9B60-253345372346}.Debug|ARM.Build.0 = Debug|ARM
		{8525272C-1C5D-4461-9B60-253345372346}.Debug|ARM.Deploy.0 = Debug|ARM
		{8525272C-1C5D-4461-9B60-253345372346}.Debug|x64.ActiveCfg = Debug|x64
		{8525272C-1C5D-4461-9B60-253345372346}.Debug|x64.Build.0 = Debug|x64
		{8525272C-1C5D-4461-9B60-253345372346}.Debug|x64.Deploy.0 = Debug|x64
		{8525272C-1C5D-4461-9B60-253345372346}.Debug|x86.ActiveCfg = Debug|x86
		{8525272C-1C5D-4461-9B60-253345372346}.Debug|x86.Build.0 = Debug|x86
		{8525272C-1C5D-4461-9B60-253345372346}.Debug|x86.Deploy.0 = Debug|x86
		{8525272C-1C5D-4461-9B60-253345372346}.Release|Any CPU.ActiveCfg = Release|x86
		{8525272C-1C5D-4461-9B60-253345372346}.Release|ARM.ActiveCfg = Release|ARM
		{8525272C-1C5D-4461-9B60-253345372346}.Release|ARM.Build.0 = Release|ARM
		{8525272C-1C5D-4461-9B60-253345372346}.Release|ARM.Deploy.0 = Release|ARM
		{8525272C-1C5D-4461-9B60-253345372346}.Release|x64.ActiveCfg = Release|x64
		{8525272C-1C5D-4461-9B60-253345372346}.Release|x64.Build.0 = Release|x64
		{8525272C-1C5D-4461-9B60-253345372346}.Release|x64.Deploy.0 = Release|x64
		{8525272C-1C5D-4461-9B60-253345372346}.Release|x86.ActiveCfg = Release|x86
		{8525272C-1C5D-4461-9B60-253345372346}.Release|x86.Build.0 = Release|x86
		{8525272C-1C5D-4461-9B60-253345372346}.Release|x86.Deploy.0 = Release|x86
		{8D8F04D5-2F20-42C8-887E-1FE81876AEB6}.Debug|Any CPU.ActiveCfg = Debug|Any CPU
		{8D8F04D5-2F20-42C8-887E-1FE81876AEB6}.Debug|Any CPU.Build.0 = Debug|Any CPU
		{8D8F04D5-2F20-42C8-887E-1FE81876AEB6}.Debug|ARM.ActiveCfg = Debug|Any CPU
		{8D8F04D5-2F20-42C8-887E-1FE81876AEB6}.Debug|ARM.Build.0 = Debug|Any CPU
		{8D8F04D5-2F20-42C8-887E-1FE81876AEB6}.Debug|x64.ActiveCfg = Debug|Any CPU
		{8D8F04D5-2F20-42C8-887E-1FE81876AEB6}.Debug|x64.Build.0 = Debug|Any CPU
		{8D8F04D5-2F20-42C8-887E-1FE81876AEB6}.Debug|x86.ActiveCfg = Debug|Any CPU
		{8D8F04D5-2F20-42C8-887E-1FE81876AEB6}.Debug|x86.Build.0 = Debug|Any CPU
		{8D8F04D5-2F20-42C8-887E-1FE81876AEB6}.Release|Any CPU.ActiveCfg = Release|Any CPU
		{8D8F04D5-2F20-42C8-887E-1FE81876AEB6}.Release|Any CPU.Build.0 = Release|Any CPU
		{8D8F04D5-2F20-42C8-887E-1FE81876AEB6}.Release|ARM.ActiveCfg = Release|Any CPU
		{8D8F04D5-2F20-42C8-887E-1FE81876AEB6}.Release|ARM.Build.0 = Release|Any CPU
		{8D8F04D5-2F20-42C8-887E-1FE81876AEB6}.Release|x64.ActiveCfg = Release|Any CPU
		{8D8F04D5-2F20-42C8-887E-1FE81876AEB6}.Release|x64.Build.0 = Release|Any CPU
		{8D8F04D5-2F20-42C8-887E-1FE81876AEB6}.Release|x86.ActiveCfg = Release|Any CPU
		{8D8F04D5-2F20-42C8-887E-1FE81876AEB6}.Release|x86.Build.0 = Release|Any CPU
		{D551AE5F-733D-422B-B54B-8624BC3494F9}.Debug|Any CPU.ActiveCfg = Debug|Any CPU
		{D551AE5F-733D-422B-B54B-8624BC3494F9}.Debug|Any CPU.Build.0 = Debug|Any CPU
		{D551AE5F-733D-422B-B54B-8624BC3494F9}.Debug|ARM.ActiveCfg = Debug|Any CPU
		{D551AE5F-733D-422B-B54B-8624BC3494F9}.Debug|ARM.Build.0 = Debug|Any CPU
		{D551AE5F-733D-422B-B54B-8624BC3494F9}.Debug|x64.ActiveCfg = Debug|Any CPU
		{D551AE5F-733D-422B-B54B-8624BC3494F9}.Debug|x64.Build.0 = Debug|Any CPU
		{D551AE5F-733D-422B-B54B-8624BC3494F9}.Debug|x86.ActiveCfg = Debug|Any CPU
		{D551AE5F-733D-422B-B54B-8624BC3494F9}.Debug|x86.Build.0 = Debug|Any CPU
		{D551AE5F-733D-422B-B54B-8624BC3494F9}.Release|Any CPU.ActiveCfg = Release|Any CPU
		{D551AE5F-733D-422B-B54B-8624BC3494F9}.Release|Any CPU.Build.0 = Release|Any CPU
		{D551AE5F-733D-422B-B54B-8624BC3494F9}.Release|ARM.ActiveCfg = Release|Any CPU
		{D551AE5F-733D-422B-B54B-8624BC3494F9}.Release|ARM.Build.0 = Release|Any CPU
		{D551AE5F-733D-422B-B54B-8624BC3494F9}.Release|x64.ActiveCfg = Release|Any CPU
		{D551AE5F-733D-422B-B54B-8624BC3494F9}.Release|x64.Build.0 = Release|Any CPU
		{D551AE5F-733D-422B-B54B-8624BC3494F9}.Release|x86.ActiveCfg = Release|Any CPU
		{D551AE5F-733D-422B-B54B-8624BC3494F9}.Release|x86.Build.0 = Release|Any CPU
		{10729C5A-E112-4BE5-A234-3BB272060293}.Debug|Any CPU.ActiveCfg = Debug|Any CPU
		{10729C5A-E112-4BE5-A234-3BB272060293}.Debug|Any CPU.Build.0 = Debug|Any CPU
		{10729C5A-E112-4BE5-A234-3BB272060293}.Debug|ARM.ActiveCfg = Debug|Any CPU
		{10729C5A-E112-4BE5-A234-3BB272060293}.Debug|ARM.Build.0 = Debug|Any CPU
		{10729C5A-E112-4BE5-A234-3BB272060293}.Debug|x64.ActiveCfg = Debug|Any CPU
		{10729C5A-E112-4BE5-A234-3BB272060293}.Debug|x64.Build.0 = Debug|Any CPU
		{10729C5A-E112-4BE5-A234-3BB272060293}.Debug|x86.ActiveCfg = Debug|Any CPU
		{10729C5A-E112-4BE5-A234-3BB272060293}.Debug|x86.Build.0 = Debug|Any CPU
		{10729C5A-E112-4BE5-A234-3BB272060293}.Release|Any CPU.ActiveCfg = Release|Any CPU
		{10729C5A-E112-4BE5-A234-3BB272060293}.Release|Any CPU.Build.0 = Release|Any CPU
		{10729C5A-E112-4BE5-A234-3BB272060293}.Release|ARM.ActiveCfg = Release|Any CPU
		{10729C5A-E112-4BE5-A234-3BB272060293}.Release|ARM.Build.0 = Release|Any CPU
		{10729C5A-E112-4BE5-A234-3BB272060293}.Release|x64.ActiveCfg = Release|Any CPU
		{10729C5A-E112-4BE5-A234-3BB272060293}.Release|x64.Build.0 = Release|Any CPU
		{10729C5A-E112-4BE5-A234-3BB272060293}.Release|x86.ActiveCfg = Release|Any CPU
		{10729C5A-E112-4BE5-A234-3BB272060293}.Release|x86.Build.0 = Release|Any CPU
		{13FA0F84-E515-4DC3-AC76-3B00C42C235E}.Debug|Any CPU.ActiveCfg = Debug|Any CPU
		{13FA0F84-E515-4DC3-AC76-3B00C42C235E}.Debug|Any CPU.Build.0 = Debug|Any CPU
		{13FA0F84-E515-4DC3-AC76-3B00C42C235E}.Debug|Any CPU.Deploy.0 = Debug|Any CPU
		{13FA0F84-E515-4DC3-AC76-3B00C42C235E}.Debug|ARM.ActiveCfg = Debug|Any CPU
		{13FA0F84-E515-4DC3-AC76-3B00C42C235E}.Debug|ARM.Build.0 = Debug|Any CPU
		{13FA0F84-E515-4DC3-AC76-3B00C42C235E}.Debug|ARM.Deploy.0 = Debug|Any CPU
		{13FA0F84-E515-4DC3-AC76-3B00C42C235E}.Debug|x64.ActiveCfg = Debug|Any CPU
		{13FA0F84-E515-4DC3-AC76-3B00C42C235E}.Debug|x64.Build.0 = Debug|Any CPU
		{13FA0F84-E515-4DC3-AC76-3B00C42C235E}.Debug|x64.Deploy.0 = Debug|Any CPU
		{13FA0F84-E515-4DC3-AC76-3B00C42C235E}.Debug|x86.ActiveCfg = Debug|Any CPU
		{13FA0F84-E515-4DC3-AC76-3B00C42C235E}.Debug|x86.Build.0 = Debug|Any CPU
		{13FA0F84-E515-4DC3-AC76-3B00C42C235E}.Debug|x86.Deploy.0 = Debug|Any CPU
		{13FA0F84-E515-4DC3-AC76-3B00C42C235E}.Release|Any CPU.ActiveCfg = Release|Any CPU
		{13FA0F84-E515-4DC3-AC76-3B00C42C235E}.Release|Any CPU.Build.0 = Release|Any CPU
		{13FA0F84-E515-4DC3-AC76-3B00C42C235E}.Release|Any CPU.Deploy.0 = Release|Any CPU
		{13FA0F84-E515-4DC3-AC76-3B00C42C235E}.Release|ARM.ActiveCfg = Release|Any CPU
		{13FA0F84-E515-4DC3-AC76-3B00C42C235E}.Release|ARM.Build.0 = Release|Any CPU
		{13FA0F84-E515-4DC3-AC76-3B00C42C235E}.Release|ARM.Deploy.0 = Release|Any CPU
		{13FA0F84-E515-4DC3-AC76-3B00C42C235E}.Release|x64.ActiveCfg = Release|Any CPU
		{13FA0F84-E515-4DC3-AC76-3B00C42C235E}.Release|x64.Build.0 = Release|Any CPU
		{13FA0F84-E515-4DC3-AC76-3B00C42C235E}.Release|x64.Deploy.0 = Release|Any CPU
		{13FA0F84-E515-4DC3-AC76-3B00C42C235E}.Release|x86.ActiveCfg = Release|Any CPU
		{13FA0F84-E515-4DC3-AC76-3B00C42C235E}.Release|x86.Build.0 = Release|Any CPU
		{13FA0F84-E515-4DC3-AC76-3B00C42C235E}.Release|x86.Deploy.0 = Release|Any CPU
		{41C69361-BADB-4751-A74F-9F2CB4E3591D}.Debug|Any CPU.ActiveCfg = Debug|Any CPU
		{41C69361-BADB-4751-A74F-9F2CB4E3591D}.Debug|Any CPU.Build.0 = Debug|Any CPU
		{41C69361-BADB-4751-A74F-9F2CB4E3591D}.Debug|ARM.ActiveCfg = Debug|Any CPU
		{41C69361-BADB-4751-A74F-9F2CB4E3591D}.Debug|ARM.Build.0 = Debug|Any CPU
		{41C69361-BADB-4751-A74F-9F2CB4E3591D}.Debug|x64.ActiveCfg = Debug|Any CPU
		{41C69361-BADB-4751-A74F-9F2CB4E3591D}.Debug|x64.Build.0 = Debug|Any CPU
		{41C69361-BADB-4751-A74F-9F2CB4E3591D}.Debug|x86.ActiveCfg = Debug|Any CPU
		{41C69361-BADB-4751-A74F-9F2CB4E3591D}.Debug|x86.Build.0 = Debug|Any CPU
		{41C69361-BADB-4751-A74F-9F2CB4E3591D}.Release|Any CPU.ActiveCfg = Release|Any CPU
		{41C69361-BADB-4751-A74F-9F2CB4E3591D}.Release|Any CPU.Build.0 = Release|Any CPU
		{41C69361-BADB-4751-A74F-9F2CB4E3591D}.Release|ARM.ActiveCfg = Release|Any CPU
		{41C69361-BADB-4751-A74F-9F2CB4E3591D}.Release|ARM.Build.0 = Release|Any CPU
		{41C69361-BADB-4751-A74F-9F2CB4E3591D}.Release|x64.ActiveCfg = Release|Any CPU
		{41C69361-BADB-4751-A74F-9F2CB4E3591D}.Release|x64.Build.0 = Release|Any CPU
		{41C69361-BADB-4751-A74F-9F2CB4E3591D}.Release|x86.ActiveCfg = Release|Any CPU
		{41C69361-BADB-4751-A74F-9F2CB4E3591D}.Release|x86.Build.0 = Release|Any CPU
		{4AE6FD1E-1211-426D-AE73-D4D2D1E34A02}.Debug|Any CPU.ActiveCfg = Debug|Any CPU
		{4AE6FD1E-1211-426D-AE73-D4D2D1E34A02}.Debug|Any CPU.Build.0 = Debug|Any CPU
		{4AE6FD1E-1211-426D-AE73-D4D2D1E34A02}.Debug|ARM.ActiveCfg = Debug|Any CPU
		{4AE6FD1E-1211-426D-AE73-D4D2D1E34A02}.Debug|ARM.Build.0 = Debug|Any CPU
		{4AE6FD1E-1211-426D-AE73-D4D2D1E34A02}.Debug|x64.ActiveCfg = Debug|Any CPU
		{4AE6FD1E-1211-426D-AE73-D4D2D1E34A02}.Debug|x64.Build.0 = Debug|Any CPU
		{4AE6FD1E-1211-426D-AE73-D4D2D1E34A02}.Debug|x86.ActiveCfg = Debug|Any CPU
		{4AE6FD1E-1211-426D-AE73-D4D2D1E34A02}.Debug|x86.Build.0 = Debug|Any CPU
		{4AE6FD1E-1211-426D-AE73-D4D2D1E34A02}.Release|Any CPU.ActiveCfg = Release|Any CPU
		{4AE6FD1E-1211-426D-AE73-D4D2D1E34A02}.Release|Any CPU.Build.0 = Release|Any CPU
		{4AE6FD1E-1211-426D-AE73-D4D2D1E34A02}.Release|ARM.ActiveCfg = Release|Any CPU
		{4AE6FD1E-1211-426D-AE73-D4D2D1E34A02}.Release|ARM.Build.0 = Release|Any CPU
		{4AE6FD1E-1211-426D-AE73-D4D2D1E34A02}.Release|x64.ActiveCfg = Release|Any CPU
		{4AE6FD1E-1211-426D-AE73-D4D2D1E34A02}.Release|x64.Build.0 = Release|Any CPU
		{4AE6FD1E-1211-426D-AE73-D4D2D1E34A02}.Release|x86.ActiveCfg = Release|Any CPU
		{4AE6FD1E-1211-426D-AE73-D4D2D1E34A02}.Release|x86.Build.0 = Release|Any CPU
		{4D1D5BAA-8D0A-4F21-9D22-E1FCC41292E6}.Debug|Any CPU.ActiveCfg = Debug|Any CPU
		{4D1D5BAA-8D0A-4F21-9D22-E1FCC41292E6}.Debug|Any CPU.Build.0 = Debug|Any CPU
		{4D1D5BAA-8D0A-4F21-9D22-E1FCC41292E6}.Debug|ARM.ActiveCfg = Debug|Any CPU
		{4D1D5BAA-8D0A-4F21-9D22-E1FCC41292E6}.Debug|ARM.Build.0 = Debug|Any CPU
		{4D1D5BAA-8D0A-4F21-9D22-E1FCC41292E6}.Debug|x64.ActiveCfg = Debug|Any CPU
		{4D1D5BAA-8D0A-4F21-9D22-E1FCC41292E6}.Debug|x64.Build.0 = Debug|Any CPU
		{4D1D5BAA-8D0A-4F21-9D22-E1FCC41292E6}.Debug|x86.ActiveCfg = Debug|Any CPU
		{4D1D5BAA-8D0A-4F21-9D22-E1FCC41292E6}.Debug|x86.Build.0 = Debug|Any CPU
		{4D1D5BAA-8D0A-4F21-9D22-E1FCC41292E6}.Release|Any CPU.ActiveCfg = Release|Any CPU
		{4D1D5BAA-8D0A-4F21-9D22-E1FCC41292E6}.Release|Any CPU.Build.0 = Release|Any CPU
		{4D1D5BAA-8D0A-4F21-9D22-E1FCC41292E6}.Release|ARM.ActiveCfg = Release|Any CPU
		{4D1D5BAA-8D0A-4F21-9D22-E1FCC41292E6}.Release|ARM.Build.0 = Release|Any CPU
		{4D1D5BAA-8D0A-4F21-9D22-E1FCC41292E6}.Release|x64.ActiveCfg = Release|Any CPU
		{4D1D5BAA-8D0A-4F21-9D22-E1FCC41292E6}.Release|x64.Build.0 = Release|Any CPU
		{4D1D5BAA-8D0A-4F21-9D22-E1FCC41292E6}.Release|x86.ActiveCfg = Release|Any CPU
		{4D1D5BAA-8D0A-4F21-9D22-E1FCC41292E6}.Release|x86.Build.0 = Release|Any CPU
	EndGlobalSection
	GlobalSection(SolutionProperties) = preSolution
		HideSolutionNode = FALSE
	EndGlobalSection
EndGlobal
