
Microsoft Visual Studio Solution File, Format Version 12.00
# Visual Studio 15
VisualStudioVersion = 15.0.26730.3
MinimumVisualStudioVersion = 10.0.40219.1
Project("{FAE04EC0-301F-11D3-BF4B-00C04F79EFBC}") = "Core2Angular", "Core2Angular\Core2Angular.csproj", "{19D8A12F-C452-4529-B954-84A7C8FA2720}"
EndProject
Global
	GlobalSection(SolutionConfigurationPlatforms) = preSolution
		Debug|Any CPU = Debug|Any CPU
		Release|Any CPU = Release|Any CPU
	EndGlobalSection
	GlobalSection(ProjectConfigurationPlatforms) = postSolution
		{19D8A12F-C452-4529-B954-84A7C8FA2720}.Debug|Any CPU.ActiveCfg = Debug|Any CPU
		{19D8A12F-C452-4529-B954-84A7C8FA2720}.Debug|Any CPU.Build.0 = Debug|Any CPU
		{19D8A12F-C452-4529-B954-84A7C8FA2720}.Release|Any CPU.ActiveCfg = Release|Any CPU
		{19D8A12F-C452-4529-B954-84A7C8FA2720}.Release|Any CPU.Build.0 = Release|Any CPU
	EndGlobalSection
	GlobalSection(SolutionProperties) = preSolution
		HideSolutionNode = FALSE
	EndGlobalSection
	GlobalSection(ExtensibilityGlobals) = postSolution
		SolutionGuid = {8CDF2F38-FEB1-4758-9FB0-8F910448D4FF}
	EndGlobalSection
EndGlobal
