
Microsoft Visual Studio Solution File, Format Version 12.00
# Visual Studio 15
VisualStudioVersion = 15.0.26403.7
MinimumVisualStudioVersion = 10.0.40219.1
Project("{FAE04EC0-301F-11D3-BF4B-00C04F79EFBC}") = "SignalRing.Server", "SignalRing.Server\SignalRing.Server.csproj", "{A4A249C8-C65E-4F6F-A7C6-15F0F1CD06E3}"
EndProject
Project("{FAE04EC0-301F-11D3-BF4B-00C04F79EFBC}") = "SingalRing.ConsoleClient", "SingalRing.ConsoleClient\SingalRing.ConsoleClient.csproj", "{91C59806-62C7-4591-932E-0D7BD17B1F0A}"
EndProject
Project("{FAE04EC0-301F-11D3-BF4B-00C04F79EFBC}") = "SinglarRing.WebClient", "SinglarRing.WebClient\SinglarRing.WebClient.csproj", "{DB5BB8DC-9F45-49CC-B228-B447AFF5EACF}"
EndProject
Project("{FAE04EC0-301F-11D3-BF4B-00C04F79EFBC}") = "SignalRing.Definitions", "SignalRing.Definitions\SignalRing.Definitions.csproj", "{A4ED02A9-4CFE-4062-9925-E9C8F0DB2F64}"
EndProject
Global
	GlobalSection(SolutionConfigurationPlatforms) = preSolution
		Debug|Any CPU = Debug|Any CPU
		Release|Any CPU = Release|Any CPU
	EndGlobalSection
	GlobalSection(ProjectConfigurationPlatforms) = postSolution
		{A4A249C8-C65E-4F6F-A7C6-15F0F1CD06E3}.Debug|Any CPU.ActiveCfg = Debug|Any CPU
		{A4A249C8-C65E-4F6F-A7C6-15F0F1CD06E3}.Debug|Any CPU.Build.0 = Debug|Any CPU
		{A4A249C8-C65E-4F6F-A7C6-15F0F1CD06E3}.Release|Any CPU.ActiveCfg = Release|Any CPU
		{A4A249C8-C65E-4F6F-A7C6-15F0F1CD06E3}.Release|Any CPU.Build.0 = Release|Any CPU
		{91C59806-62C7-4591-932E-0D7BD17B1F0A}.Debug|Any CPU.ActiveCfg = Debug|Any CPU
		{91C59806-62C7-4591-932E-0D7BD17B1F0A}.Debug|Any CPU.Build.0 = Debug|Any CPU
		{91C59806-62C7-4591-932E-0D7BD17B1F0A}.Release|Any CPU.ActiveCfg = Release|Any CPU
		{91C59806-62C7-4591-932E-0D7BD17B1F0A}.Release|Any CPU.Build.0 = Release|Any CPU
		{DB5BB8DC-9F45-49CC-B228-B447AFF5EACF}.Debug|Any CPU.ActiveCfg = Debug|Any CPU
		{DB5BB8DC-9F45-49CC-B228-B447AFF5EACF}.Debug|Any CPU.Build.0 = Debug|Any CPU
		{DB5BB8DC-9F45-49CC-B228-B447AFF5EACF}.Release|Any CPU.ActiveCfg = Release|Any CPU
		{DB5BB8DC-9F45-49CC-B228-B447AFF5EACF}.Release|Any CPU.Build.0 = Release|Any CPU
		{A4ED02A9-4CFE-4062-9925-E9C8F0DB2F64}.Debug|Any CPU.ActiveCfg = Debug|Any CPU
		{A4ED02A9-4CFE-4062-9925-E9C8F0DB2F64}.Debug|Any CPU.Build.0 = Debug|Any CPU
		{A4ED02A9-4CFE-4062-9925-E9C8F0DB2F64}.Release|Any CPU.ActiveCfg = Release|Any CPU
		{A4ED02A9-4CFE-4062-9925-E9C8F0DB2F64}.Release|Any CPU.Build.0 = Release|Any CPU
	EndGlobalSection
	GlobalSection(SolutionProperties) = preSolution
		HideSolutionNode = FALSE
	EndGlobalSection
EndGlobal
