
Microsoft Visual Studio Solution File, Format Version 12.00
# Visual Studio 15
VisualStudioVersion = 15.0.26403.7
MinimumVisualStudioVersion = 10.0.40219.1
Project("{FAE04EC0-301F-11D3-BF4B-00C04F79EFBC}") = "BabIL.LibraryReflector", "BabIL.LibraryReflector\BabIL.LibraryReflector.csproj", "{B4B95181-602C-4D53-BF66-3351CCEF0CBF}"
EndProject
Global
	GlobalSection(SolutionConfigurationPlatforms) = preSolution
		Debug|Any CPU = Debug|Any CPU
		Release|Any CPU = Release|Any CPU
	EndGlobalSection
	GlobalSection(ProjectConfigurationPlatforms) = postSolution
		{B4B95181-602C-4D53-BF66-3351CCEF0CBF}.Debug|Any CPU.ActiveCfg = Debug|Any CPU
		{B4B95181-602C-4D53-BF66-3351CCEF0CBF}.Debug|Any CPU.Build.0 = Debug|Any CPU
		{B4B95181-602C-4D53-BF66-3351CCEF0CBF}.Release|Any CPU.ActiveCfg = Release|Any CPU
		{B4B95181-602C-4D53-BF66-3351CCEF0CBF}.Release|Any CPU.Build.0 = Release|Any CPU
	EndGlobalSection
	GlobalSection(SolutionProperties) = preSolution
		HideSolutionNode = FALSE
	EndGlobalSection
EndGlobal
