
Microsoft Visual Studio Solution File, Format Version 12.00
# Visual Studio 15
VisualStudioVersion = 15.0.26430.6
MinimumVisualStudioVersion = 10.0.40219.1
Project("{FAE04EC0-301F-11D3-BF4B-00C04F79EFBC}") = "TheServer", "TheServer\TheServer.csproj", "{5A5AF382-A21C-4F41-BBF8-E16A3CA97F12}"
EndProject
Project("{FAE04EC0-301F-11D3-BF4B-00C04F79EFBC}") = "TheClient", "TheClient\TheClient.csproj", "{7589B0FF-A6B7-4542-8456-0CA5176E2DD1}"
EndProject
Project("{FAE04EC0-301F-11D3-BF4B-00C04F79EFBC}") = "CertificateLibrary", "CertificateLibrary\CertificateLibrary.csproj", "{5FC0E065-2112-4DE9-A345-D62BE4F28428}"
EndProject
Project("{FAE04EC0-301F-11D3-BF4B-00C04F79EFBC}") = "MVCServer", "MVCServer\MVCServer.csproj", "{111525C4-8F43-4CC3-9DD6-670A1247ABED}"
EndProject
Project("{FAE04EC0-301F-11D3-BF4B-00C04F79EFBC}") = "MVCClient", "MVCClient\MVCClient.csproj", "{89DD83BC-F135-40FD-8486-E610EEA227AE}"
EndProject
Project("{FAE04EC0-301F-11D3-BF4B-00C04F79EFBC}") = "UWPClient", "UWPClient\UWPClient.csproj", "{849F3F9B-CEAE-4BCA-8768-3E9E30002E1F}"
EndProject
Project("{FAE04EC0-301F-11D3-BF4B-00C04F79EFBC}") = "CrossClient", "CrossClient\CrossClient.csproj", "{67F9D3A8-F71E-4428-913F-C37AE82CDB24}"
EndProject
Project("{2150E333-8FDC-42A3-9474-1A3956D46DE8}") = "XF", "XF", "{B9D7CF06-1F74-409F-8041-A35E03674956}"
EndProject
Global
	GlobalSection(SolutionConfigurationPlatforms) = preSolution
		Debug|Any CPU = Debug|Any CPU
		Debug|ARM = Debug|ARM
		Debug|x64 = Debug|x64
		Debug|x86 = Debug|x86
		Release|Any CPU = Release|Any CPU
		Release|ARM = Release|ARM
		Release|x64 = Release|x64
		Release|x86 = Release|x86
	EndGlobalSection
	GlobalSection(ProjectConfigurationPlatforms) = postSolution
		{5A5AF382-A21C-4F41-BBF8-E16A3CA97F12}.Debug|Any CPU.ActiveCfg = Debug|Any CPU
		{5A5AF382-A21C-4F41-BBF8-E16A3CA97F12}.Debug|Any CPU.Build.0 = Debug|Any CPU
		{5A5AF382-A21C-4F41-BBF8-E16A3CA97F12}.Debug|ARM.ActiveCfg = Debug|Any CPU
		{5A5AF382-A21C-4F41-BBF8-E16A3CA97F12}.Debug|ARM.Build.0 = Debug|Any CPU
		{5A5AF382-A21C-4F41-BBF8-E16A3CA97F12}.Debug|x64.ActiveCfg = Debug|Any CPU
		{5A5AF382-A21C-4F41-BBF8-E16A3CA97F12}.Debug|x64.Build.0 = Debug|Any CPU
		{5A5AF382-A21C-4F41-BBF8-E16A3CA97F12}.Debug|x86.ActiveCfg = Debug|Any CPU
		{5A5AF382-A21C-4F41-BBF8-E16A3CA97F12}.Debug|x86.Build.0 = Debug|Any CPU
		{5A5AF382-A21C-4F41-BBF8-E16A3CA97F12}.Release|Any CPU.ActiveCfg = Release|Any CPU
		{5A5AF382-A21C-4F41-BBF8-E16A3CA97F12}.Release|Any CPU.Build.0 = Release|Any CPU
		{5A5AF382-A21C-4F41-BBF8-E16A3CA97F12}.Release|ARM.ActiveCfg = Release|Any CPU
		{5A5AF382-A21C-4F41-BBF8-E16A3CA97F12}.Release|ARM.Build.0 = Release|Any CPU
		{5A5AF382-A21C-4F41-BBF8-E16A3CA97F12}.Release|x64.ActiveCfg = Release|Any CPU
		{5A5AF382-A21C-4F41-BBF8-E16A3CA97F12}.Release|x64.Build.0 = Release|Any CPU
		{5A5AF382-A21C-4F41-BBF8-E16A3CA97F12}.Release|x86.ActiveCfg = Release|Any CPU
		{5A5AF382-A21C-4F41-BBF8-E16A3CA97F12}.Release|x86.Build.0 = Release|Any CPU
		{7589B0FF-A6B7-4542-8456-0CA5176E2DD1}.Debug|Any CPU.ActiveCfg = Debug|Any CPU
		{7589B0FF-A6B7-4542-8456-0CA5176E2DD1}.Debug|Any CPU.Build.0 = Debug|Any CPU
		{7589B0FF-A6B7-4542-8456-0CA5176E2DD1}.Debug|ARM.ActiveCfg = Debug|Any CPU
		{7589B0FF-A6B7-4542-8456-0CA5176E2DD1}.Debug|ARM.Build.0 = Debug|Any CPU
		{7589B0FF-A6B7-4542-8456-0CA5176E2DD1}.Debug|x64.ActiveCfg = Debug|Any CPU
		{7589B0FF-A6B7-4542-8456-0CA5176E2DD1}.Debug|x64.Build.0 = Debug|Any CPU
		{7589B0FF-A6B7-4542-8456-0CA5176E2DD1}.Debug|x86.ActiveCfg = Debug|Any CPU
		{7589B0FF-A6B7-4542-8456-0CA5176E2DD1}.Debug|x86.Build.0 = Debug|Any CPU
		{7589B0FF-A6B7-4542-8456-0CA5176E2DD1}.Release|Any CPU.ActiveCfg = Release|Any CPU
		{7589B0FF-A6B7-4542-8456-0CA5176E2DD1}.Release|Any CPU.Build.0 = Release|Any CPU
		{7589B0FF-A6B7-4542-8456-0CA5176E2DD1}.Release|ARM.ActiveCfg = Release|Any CPU
		{7589B0FF-A6B7-4542-8456-0CA5176E2DD1}.Release|ARM.Build.0 = Release|Any CPU
		{7589B0FF-A6B7-4542-8456-0CA5176E2DD1}.Release|x64.ActiveCfg = Release|Any CPU
		{7589B0FF-A6B7-4542-8456-0CA5176E2DD1}.Release|x64.Build.0 = Release|Any CPU
		{7589B0FF-A6B7-4542-8456-0CA5176E2DD1}.Release|x86.ActiveCfg = Release|Any CPU
		{7589B0FF-A6B7-4542-8456-0CA5176E2DD1}.Release|x86.Build.0 = Release|Any CPU
		{5FC0E065-2112-4DE9-A345-D62BE4F28428}.Debug|Any CPU.ActiveCfg = Debug|Any CPU
		{5FC0E065-2112-4DE9-A345-D62BE4F28428}.Debug|Any CPU.Build.0 = Debug|Any CPU
		{5FC0E065-2112-4DE9-A345-D62BE4F28428}.Debug|ARM.ActiveCfg = Debug|Any CPU
		{5FC0E065-2112-4DE9-A345-D62BE4F28428}.Debug|ARM.Build.0 = Debug|Any CPU
		{5FC0E065-2112-4DE9-A345-D62BE4F28428}.Debug|x64.ActiveCfg = Debug|Any CPU
		{5FC0E065-2112-4DE9-A345-D62BE4F28428}.Debug|x64.Build.0 = Debug|Any CPU
		{5FC0E065-2112-4DE9-A345-D62BE4F28428}.Debug|x86.ActiveCfg = Debug|Any CPU
		{5FC0E065-2112-4DE9-A345-D62BE4F28428}.Debug|x86.Build.0 = Debug|Any CPU
		{5FC0E065-2112-4DE9-A345-D62BE4F28428}.Release|Any CPU.ActiveCfg = Release|Any CPU
		{5FC0E065-2112-4DE9-A345-D62BE4F28428}.Release|Any CPU.Build.0 = Release|Any CPU
		{5FC0E065-2112-4DE9-A345-D62BE4F28428}.Release|ARM.ActiveCfg = Release|Any CPU
		{5FC0E065-2112-4DE9-A345-D62BE4F28428}.Release|ARM.Build.0 = Release|Any CPU
		{5FC0E065-2112-4DE9-A345-D62BE4F28428}.Release|x64.ActiveCfg = Release|Any CPU
		{5FC0E065-2112-4DE9-A345-D62BE4F28428}.Release|x64.Build.0 = Release|Any CPU
		{5FC0E065-2112-4DE9-A345-D62BE4F28428}.Release|x86.ActiveCfg = Release|Any CPU
		{5FC0E065-2112-4DE9-A345-D62BE4F28428}.Release|x86.Build.0 = Release|Any CPU
		{111525C4-8F43-4CC3-9DD6-670A1247ABED}.Debug|Any CPU.ActiveCfg = Debug|Any CPU
		{111525C4-8F43-4CC3-9DD6-670A1247ABED}.Debug|Any CPU.Build.0 = Debug|Any CPU
		{111525C4-8F43-4CC3-9DD6-670A1247ABED}.Debug|ARM.ActiveCfg = Debug|Any CPU
		{111525C4-8F43-4CC3-9DD6-670A1247ABED}.Debug|ARM.Build.0 = Debug|Any CPU
		{111525C4-8F43-4CC3-9DD6-670A1247ABED}.Debug|x64.ActiveCfg = Debug|Any CPU
		{111525C4-8F43-4CC3-9DD6-670A1247ABED}.Debug|x64.Build.0 = Debug|Any CPU
		{111525C4-8F43-4CC3-9DD6-670A1247ABED}.Debug|x86.ActiveCfg = Debug|Any CPU
		{111525C4-8F43-4CC3-9DD6-670A1247ABED}.Debug|x86.Build.0 = Debug|Any CPU
		{111525C4-8F43-4CC3-9DD6-670A1247ABED}.Release|Any CPU.ActiveCfg = Release|Any CPU
		{111525C4-8F43-4CC3-9DD6-670A1247ABED}.Release|Any CPU.Build.0 = Release|Any CPU
		{111525C4-8F43-4CC3-9DD6-670A1247ABED}.Release|ARM.ActiveCfg = Release|Any CPU
		{111525C4-8F43-4CC3-9DD6-670A1247ABED}.Release|ARM.Build.0 = Release|Any CPU
		{111525C4-8F43-4CC3-9DD6-670A1247ABED}.Release|x64.ActiveCfg = Release|Any CPU
		{111525C4-8F43-4CC3-9DD6-670A1247ABED}.Release|x64.Build.0 = Release|Any CPU
		{111525C4-8F43-4CC3-9DD6-670A1247ABED}.Release|x86.ActiveCfg = Release|Any CPU
		{111525C4-8F43-4CC3-9DD6-670A1247ABED}.Release|x86.Build.0 = Release|Any CPU
		{89DD83BC-F135-40FD-8486-E610EEA227AE}.Debug|Any CPU.ActiveCfg = Debug|Any CPU
		{89DD83BC-F135-40FD-8486-E610EEA227AE}.Debug|Any CPU.Build.0 = Debug|Any CPU
		{89DD83BC-F135-40FD-8486-E610EEA227AE}.Debug|ARM.ActiveCfg = Debug|Any CPU
		{89DD83BC-F135-40FD-8486-E610EEA227AE}.Debug|ARM.Build.0 = Debug|Any CPU
		{89DD83BC-F135-40FD-8486-E610EEA227AE}.Debug|x64.ActiveCfg = Debug|Any CPU
		{89DD83BC-F135-40FD-8486-E610EEA227AE}.Debug|x64.Build.0 = Debug|Any CPU
		{89DD83BC-F135-40FD-8486-E610EEA227AE}.Debug|x86.ActiveCfg = Debug|Any CPU
		{89DD83BC-F135-40FD-8486-E610EEA227AE}.Debug|x86.Build.0 = Debug|Any CPU
		{89DD83BC-F135-40FD-8486-E610EEA227AE}.Release|Any CPU.ActiveCfg = Release|Any CPU
		{89DD83BC-F135-40FD-8486-E610EEA227AE}.Release|Any CPU.Build.0 = Release|Any CPU
		{89DD83BC-F135-40FD-8486-E610EEA227AE}.Release|ARM.ActiveCfg = Release|Any CPU
		{89DD83BC-F135-40FD-8486-E610EEA227AE}.Release|ARM.Build.0 = Release|Any CPU
		{89DD83BC-F135-40FD-8486-E610EEA227AE}.Release|x64.ActiveCfg = Release|Any CPU
		{89DD83BC-F135-40FD-8486-E610EEA227AE}.Release|x64.Build.0 = Release|Any CPU
		{89DD83BC-F135-40FD-8486-E610EEA227AE}.Release|x86.ActiveCfg = Release|Any CPU
		{89DD83BC-F135-40FD-8486-E610EEA227AE}.Release|x86.Build.0 = Release|Any CPU
		{849F3F9B-CEAE-4BCA-8768-3E9E30002E1F}.Debug|Any CPU.ActiveCfg = Debug|x86
		{849F3F9B-CEAE-4BCA-8768-3E9E30002E1F}.Debug|Any CPU.Build.0 = Debug|x86
		{849F3F9B-CEAE-4BCA-8768-3E9E30002E1F}.Debug|Any CPU.Deploy.0 = Debug|x86
		{849F3F9B-CEAE-4BCA-8768-3E9E30002E1F}.Debug|ARM.ActiveCfg = Debug|ARM
		{849F3F9B-CEAE-4BCA-8768-3E9E30002E1F}.Debug|ARM.Build.0 = Debug|ARM
		{849F3F9B-CEAE-4BCA-8768-3E9E30002E1F}.Debug|ARM.Deploy.0 = Debug|ARM
		{849F3F9B-CEAE-4BCA-8768-3E9E30002E1F}.Debug|x64.ActiveCfg = Debug|x64
		{849F3F9B-CEAE-4BCA-8768-3E9E30002E1F}.Debug|x64.Build.0 = Debug|x64
		{849F3F9B-CEAE-4BCA-8768-3E9E30002E1F}.Debug|x64.Deploy.0 = Debug|x64
		{849F3F9B-CEAE-4BCA-8768-3E9E30002E1F}.Debug|x86.ActiveCfg = Debug|x86
		{849F3F9B-CEAE-4BCA-8768-3E9E30002E1F}.Debug|x86.Build.0 = Debug|x86
		{849F3F9B-CEAE-4BCA-8768-3E9E30002E1F}.Debug|x86.Deploy.0 = Debug|x86
		{849F3F9B-CEAE-4BCA-8768-3E9E30002E1F}.Release|Any CPU.ActiveCfg = Release|x86
		{849F3F9B-CEAE-4BCA-8768-3E9E30002E1F}.Release|ARM.ActiveCfg = Release|ARM
		{849F3F9B-CEAE-4BCA-8768-3E9E30002E1F}.Release|ARM.Build.0 = Release|ARM
		{849F3F9B-CEAE-4BCA-8768-3E9E30002E1F}.Release|ARM.Deploy.0 = Release|ARM
		{849F3F9B-CEAE-4BCA-8768-3E9E30002E1F}.Release|x64.ActiveCfg = Release|x64
		{849F3F9B-CEAE-4BCA-8768-3E9E30002E1F}.Release|x64.Build.0 = Release|x64
		{849F3F9B-CEAE-4BCA-8768-3E9E30002E1F}.Release|x64.Deploy.0 = Release|x64
		{849F3F9B-CEAE-4BCA-8768-3E9E30002E1F}.Release|x86.ActiveCfg = Release|x86
		{849F3F9B-CEAE-4BCA-8768-3E9E30002E1F}.Release|x86.Build.0 = Release|x86
		{849F3F9B-CEAE-4BCA-8768-3E9E30002E1F}.Release|x86.Deploy.0 = Release|x86
		{67F9D3A8-F71E-4428-913F-C37AE82CDB24}.Debug|Any CPU.ActiveCfg = Debug|Any CPU
		{67F9D3A8-F71E-4428-913F-C37AE82CDB24}.Debug|Any CPU.Build.0 = Debug|Any CPU
		{67F9D3A8-F71E-4428-913F-C37AE82CDB24}.Debug|ARM.ActiveCfg = Debug|Any CPU
		{67F9D3A8-F71E-4428-913F-C37AE82CDB24}.Debug|ARM.Build.0 = Debug|Any CPU
		{67F9D3A8-F71E-4428-913F-C37AE82CDB24}.Debug|x64.ActiveCfg = Debug|Any CPU
		{67F9D3A8-F71E-4428-913F-C37AE82CDB24}.Debug|x64.Build.0 = Debug|Any CPU
		{67F9D3A8-F71E-4428-913F-C37AE82CDB24}.Debug|x86.ActiveCfg = Debug|Any CPU
		{67F9D3A8-F71E-4428-913F-C37AE82CDB24}.Debug|x86.Build.0 = Debug|Any CPU
		{67F9D3A8-F71E-4428-913F-C37AE82CDB24}.Release|Any CPU.ActiveCfg = Release|Any CPU
		{67F9D3A8-F71E-4428-913F-C37AE82CDB24}.Release|Any CPU.Build.0 = Release|Any CPU
		{67F9D3A8-F71E-4428-913F-C37AE82CDB24}.Release|ARM.ActiveCfg = Release|Any CPU
		{67F9D3A8-F71E-4428-913F-C37AE82CDB24}.Release|ARM.Build.0 = Release|Any CPU
		{67F9D3A8-F71E-4428-913F-C37AE82CDB24}.Release|x64.ActiveCfg = Release|Any CPU
		{67F9D3A8-F71E-4428-913F-C37AE82CDB24}.Release|x64.Build.0 = Release|Any CPU
		{67F9D3A8-F71E-4428-913F-C37AE82CDB24}.Release|x86.ActiveCfg = Release|Any CPU
		{67F9D3A8-F71E-4428-913F-C37AE82CDB24}.Release|x86.Build.0 = Release|Any CPU
	EndGlobalSection
	GlobalSection(SolutionProperties) = preSolution
		HideSolutionNode = FALSE
	EndGlobalSection
EndGlobal
