
Microsoft Visual Studio Solution File, Format Version 12.00
# Visual Studio 14
VisualStudioVersion = 14.0.25420.1
MinimumVisualStudioVersion = 10.0.40219.1
Project("{FAE04EC0-301F-11D3-BF4B-00C04F79EFBC}") = "InterfacesLibrary", "InterfacesLibrary\InterfacesLibrary.csproj", "{2E2116DD-0364-4157-9944-C95D6513B719}"
EndProject
Project("{FAE04EC0-301F-11D3-BF4B-00C04F79EFBC}") = "CrossImplementationLibrary", "CrossImplementationLibrary\CrossImplementationLibrary.csproj", "{4AFB44EB-E54C-4472-A4B4-C49D0E230B18}"
EndProject
Project("{FAE04EC0-301F-11D3-BF4B-00C04F79EFBC}") = "IoCAutofac", "IoCAutofac\IoCAutofac.csproj", "{11BD1DAD-78E8-4C0B-BDE6-DEB95D2703F7}"
EndProject
Project("{8BB2217D-0F2D-49D1-97BC-3654ED321F3B}") = "CoreTestApp", "CoreTestApp\CoreTestApp.xproj", "{7F81FA3A-8105-49E1-A7D4-010648958D94}"
EndProject
Project("{FAE04EC0-301F-11D3-BF4B-00C04F79EFBC}") = "WPFTestApp", "WPFTestApp\WPFTestApp.csproj", "{864655F0-D4D3-489B-B961-F7CE584C65C1}"
EndProject
Project("{2150E333-8FDC-42A3-9474-1A3956D46DE8}") = "TestApps", "TestApps", "{32A317C2-3A6D-40DF-A1EC-8716B58727E2}"
EndProject
Project("{FAE04EC0-301F-11D3-BF4B-00C04F79EFBC}") = "UWPTestApp", "UWPTestApp\UWPTestApp.csproj", "{DBC482E2-52CE-4CD4-A63A-6F142B65E660}"
EndProject
Project("{FAE04EC0-301F-11D3-BF4B-00C04F79EFBC}") = "iOSLibrary", "iOSLibrary\iOSLibrary.csproj", "{8ECEDBBC-CEAE-42A1-BDFC-B77B24C8A3F8}"
EndProject
Project("{FAE04EC0-301F-11D3-BF4B-00C04F79EFBC}") = "AndroidLibrary", "AndroidLibrary\AndroidLibrary.csproj", "{E226BA68-6630-41D5-B0D0-B817793DAD14}"
EndProject
Global
	GlobalSection(SolutionConfigurationPlatforms) = preSolution
		Debug|Any CPU = Debug|Any CPU
		Debug|ARM = Debug|ARM
		Debug|x64 = Debug|x64
		Debug|x86 = Debug|x86
		Release|Any CPU = Release|Any CPU
		Release|ARM = Release|ARM
		Release|x64 = Release|x64
		Release|x86 = Release|x86
	EndGlobalSection
	GlobalSection(ProjectConfigurationPlatforms) = postSolution
		{2E2116DD-0364-4157-9944-C95D6513B719}.Debug|Any CPU.ActiveCfg = Debug|Any CPU
		{2E2116DD-0364-4157-9944-C95D6513B719}.Debug|Any CPU.Build.0 = Debug|Any CPU
		{2E2116DD-0364-4157-9944-C95D6513B719}.Debug|ARM.ActiveCfg = Debug|Any CPU
		{2E2116DD-0364-4157-9944-C95D6513B719}.Debug|ARM.Build.0 = Debug|Any CPU
		{2E2116DD-0364-4157-9944-C95D6513B719}.Debug|x64.ActiveCfg = Debug|Any CPU
		{2E2116DD-0364-4157-9944-C95D6513B719}.Debug|x64.Build.0 = Debug|Any CPU
		{2E2116DD-0364-4157-9944-C95D6513B719}.Debug|x86.ActiveCfg = Debug|Any CPU
		{2E2116DD-0364-4157-9944-C95D6513B719}.Debug|x86.Build.0 = Debug|Any CPU
		{2E2116DD-0364-4157-9944-C95D6513B719}.Release|Any CPU.ActiveCfg = Release|Any CPU
		{2E2116DD-0364-4157-9944-C95D6513B719}.Release|Any CPU.Build.0 = Release|Any CPU
		{2E2116DD-0364-4157-9944-C95D6513B719}.Release|ARM.ActiveCfg = Release|Any CPU
		{2E2116DD-0364-4157-9944-C95D6513B719}.Release|ARM.Build.0 = Release|Any CPU
		{2E2116DD-0364-4157-9944-C95D6513B719}.Release|x64.ActiveCfg = Release|Any CPU
		{2E2116DD-0364-4157-9944-C95D6513B719}.Release|x64.Build.0 = Release|Any CPU
		{2E2116DD-0364-4157-9944-C95D6513B719}.Release|x86.ActiveCfg = Release|Any CPU
		{2E2116DD-0364-4157-9944-C95D6513B719}.Release|x86.Build.0 = Release|Any CPU
		{4AFB44EB-E54C-4472-A4B4-C49D0E230B18}.Debug|Any CPU.ActiveCfg = Debug|Any CPU
		{4AFB44EB-E54C-4472-A4B4-C49D0E230B18}.Debug|Any CPU.Build.0 = Debug|Any CPU
		{4AFB44EB-E54C-4472-A4B4-C49D0E230B18}.Debug|ARM.ActiveCfg = Debug|Any CPU
		{4AFB44EB-E54C-4472-A4B4-C49D0E230B18}.Debug|ARM.Build.0 = Debug|Any CPU
		{4AFB44EB-E54C-4472-A4B4-C49D0E230B18}.Debug|x64.ActiveCfg = Debug|Any CPU
		{4AFB44EB-E54C-4472-A4B4-C49D0E230B18}.Debug|x64.Build.0 = Debug|Any CPU
		{4AFB44EB-E54C-4472-A4B4-C49D0E230B18}.Debug|x86.ActiveCfg = Debug|Any CPU
		{4AFB44EB-E54C-4472-A4B4-C49D0E230B18}.Debug|x86.Build.0 = Debug|Any CPU
		{4AFB44EB-E54C-4472-A4B4-C49D0E230B18}.Release|Any CPU.ActiveCfg = Release|Any CPU
		{4AFB44EB-E54C-4472-A4B4-C49D0E230B18}.Release|Any CPU.Build.0 = Release|Any CPU
		{4AFB44EB-E54C-4472-A4B4-C49D0E230B18}.Release|ARM.ActiveCfg = Release|Any CPU
		{4AFB44EB-E54C-4472-A4B4-C49D0E230B18}.Release|ARM.Build.0 = Release|Any CPU
		{4AFB44EB-E54C-4472-A4B4-C49D0E230B18}.Release|x64.ActiveCfg = Release|Any CPU
		{4AFB44EB-E54C-4472-A4B4-C49D0E230B18}.Release|x64.Build.0 = Release|Any CPU
		{4AFB44EB-E54C-4472-A4B4-C49D0E230B18}.Release|x86.ActiveCfg = Release|Any CPU
		{4AFB44EB-E54C-4472-A4B4-C49D0E230B18}.Release|x86.Build.0 = Release|Any CPU
		{11BD1DAD-78E8-4C0B-BDE6-DEB95D2703F7}.Debug|Any CPU.ActiveCfg = Debug|Any CPU
		{11BD1DAD-78E8-4C0B-BDE6-DEB95D2703F7}.Debug|Any CPU.Build.0 = Debug|Any CPU
		{11BD1DAD-78E8-4C0B-BDE6-DEB95D2703F7}.Debug|ARM.ActiveCfg = Debug|Any CPU
		{11BD1DAD-78E8-4C0B-BDE6-DEB95D2703F7}.Debug|ARM.Build.0 = Debug|Any CPU
		{11BD1DAD-78E8-4C0B-BDE6-DEB95D2703F7}.Debug|x64.ActiveCfg = Debug|Any CPU
		{11BD1DAD-78E8-4C0B-BDE6-DEB95D2703F7}.Debug|x64.Build.0 = Debug|Any CPU
		{11BD1DAD-78E8-4C0B-BDE6-DEB95D2703F7}.Debug|x86.ActiveCfg = Debug|Any CPU
		{11BD1DAD-78E8-4C0B-BDE6-DEB95D2703F7}.Debug|x86.Build.0 = Debug|Any CPU
		{11BD1DAD-78E8-4C0B-BDE6-DEB95D2703F7}.Release|Any CPU.ActiveCfg = Release|Any CPU
		{11BD1DAD-78E8-4C0B-BDE6-DEB95D2703F7}.Release|Any CPU.Build.0 = Release|Any CPU
		{11BD1DAD-78E8-4C0B-BDE6-DEB95D2703F7}.Release|ARM.ActiveCfg = Release|Any CPU
		{11BD1DAD-78E8-4C0B-BDE6-DEB95D2703F7}.Release|ARM.Build.0 = Release|Any CPU
		{11BD1DAD-78E8-4C0B-BDE6-DEB95D2703F7}.Release|x64.ActiveCfg = Release|Any CPU
		{11BD1DAD-78E8-4C0B-BDE6-DEB95D2703F7}.Release|x64.Build.0 = Release|Any CPU
		{11BD1DAD-78E8-4C0B-BDE6-DEB95D2703F7}.Release|x86.ActiveCfg = Release|Any CPU
		{11BD1DAD-78E8-4C0B-BDE6-DEB95D2703F7}.Release|x86.Build.0 = Release|Any CPU
		{7F81FA3A-8105-49E1-A7D4-010648958D94}.Debug|Any CPU.ActiveCfg = Debug|Any CPU
		{7F81FA3A-8105-49E1-A7D4-010648958D94}.Debug|Any CPU.Build.0 = Debug|Any CPU
		{7F81FA3A-8105-49E1-A7D4-010648958D94}.Debug|ARM.ActiveCfg = Debug|Any CPU
		{7F81FA3A-8105-49E1-A7D4-010648958D94}.Debug|ARM.Build.0 = Debug|Any CPU
		{7F81FA3A-8105-49E1-A7D4-010648958D94}.Debug|x64.ActiveCfg = Debug|Any CPU
		{7F81FA3A-8105-49E1-A7D4-010648958D94}.Debug|x64.Build.0 = Debug|Any CPU
		{7F81FA3A-8105-49E1-A7D4-010648958D94}.Debug|x86.ActiveCfg = Debug|Any CPU
		{7F81FA3A-8105-49E1-A7D4-010648958D94}.Debug|x86.Build.0 = Debug|Any CPU
		{7F81FA3A-8105-49E1-A7D4-010648958D94}.Release|Any CPU.ActiveCfg = Release|Any CPU
		{7F81FA3A-8105-49E1-A7D4-010648958D94}.Release|Any CPU.Build.0 = Release|Any CPU
		{7F81FA3A-8105-49E1-A7D4-010648958D94}.Release|ARM.ActiveCfg = Release|Any CPU
		{7F81FA3A-8105-49E1-A7D4-010648958D94}.Release|ARM.Build.0 = Release|Any CPU
		{7F81FA3A-8105-49E1-A7D4-010648958D94}.Release|x64.ActiveCfg = Release|Any CPU
		{7F81FA3A-8105-49E1-A7D4-010648958D94}.Release|x64.Build.0 = Release|Any CPU
		{7F81FA3A-8105-49E1-A7D4-010648958D94}.Release|x86.ActiveCfg = Release|Any CPU
		{7F81FA3A-8105-49E1-A7D4-010648958D94}.Release|x86.Build.0 = Release|Any CPU
		{864655F0-D4D3-489B-B961-F7CE584C65C1}.Debug|Any CPU.ActiveCfg = Debug|Any CPU
		{864655F0-D4D3-489B-B961-F7CE584C65C1}.Debug|Any CPU.Build.0 = Debug|Any CPU
		{864655F0-D4D3-489B-B961-F7CE584C65C1}.Debug|ARM.ActiveCfg = Debug|Any CPU
		{864655F0-D4D3-489B-B961-F7CE584C65C1}.Debug|ARM.Build.0 = Debug|Any CPU
		{864655F0-D4D3-489B-B961-F7CE584C65C1}.Debug|x64.ActiveCfg = Debug|Any CPU
		{864655F0-D4D3-489B-B961-F7CE584C65C1}.Debug|x64.Build.0 = Debug|Any CPU
		{864655F0-D4D3-489B-B961-F7CE584C65C1}.Debug|x86.ActiveCfg = Debug|Any CPU
		{864655F0-D4D3-489B-B961-F7CE584C65C1}.Debug|x86.Build.0 = Debug|Any CPU
		{864655F0-D4D3-489B-B961-F7CE584C65C1}.Release|Any CPU.ActiveCfg = Release|Any CPU
		{864655F0-D4D3-489B-B961-F7CE584C65C1}.Release|Any CPU.Build.0 = Release|Any CPU
		{864655F0-D4D3-489B-B961-F7CE584C65C1}.Release|ARM.ActiveCfg = Release|Any CPU
		{864655F0-D4D3-489B-B961-F7CE584C65C1}.Release|ARM.Build.0 = Release|Any CPU
		{864655F0-D4D3-489B-B961-F7CE584C65C1}.Release|x64.ActiveCfg = Release|Any CPU
		{864655F0-D4D3-489B-B961-F7CE584C65C1}.Release|x64.Build.0 = Release|Any CPU
		{864655F0-D4D3-489B-B961-F7CE584C65C1}.Release|x86.ActiveCfg = Release|Any CPU
		{864655F0-D4D3-489B-B961-F7CE584C65C1}.Release|x86.Build.0 = Release|Any CPU
		{DBC482E2-52CE-4CD4-A63A-6F142B65E660}.Debug|Any CPU.ActiveCfg = Debug|x86
		{DBC482E2-52CE-4CD4-A63A-6F142B65E660}.Debug|ARM.ActiveCfg = Debug|ARM
		{DBC482E2-52CE-4CD4-A63A-6F142B65E660}.Debug|ARM.Build.0 = Debug|ARM
		{DBC482E2-52CE-4CD4-A63A-6F142B65E660}.Debug|ARM.Deploy.0 = Debug|ARM
		{DBC482E2-52CE-4CD4-A63A-6F142B65E660}.Debug|x64.ActiveCfg = Debug|x64
		{DBC482E2-52CE-4CD4-A63A-6F142B65E660}.Debug|x64.Build.0 = Debug|x64
		{DBC482E2-52CE-4CD4-A63A-6F142B65E660}.Debug|x64.Deploy.0 = Debug|x64
		{DBC482E2-52CE-4CD4-A63A-6F142B65E660}.Debug|x86.ActiveCfg = Debug|x86
		{DBC482E2-52CE-4CD4-A63A-6F142B65E660}.Debug|x86.Build.0 = Debug|x86
		{DBC482E2-52CE-4CD4-A63A-6F142B65E660}.Debug|x86.Deploy.0 = Debug|x86
		{DBC482E2-52CE-4CD4-A63A-6F142B65E660}.Release|Any CPU.ActiveCfg = Release|x86
		{DBC482E2-52CE-4CD4-A63A-6F142B65E660}.Release|ARM.ActiveCfg = Release|ARM
		{DBC482E2-52CE-4CD4-A63A-6F142B65E660}.Release|ARM.Build.0 = Release|ARM
		{DBC482E2-52CE-4CD4-A63A-6F142B65E660}.Release|ARM.Deploy.0 = Release|ARM
		{DBC482E2-52CE-4CD4-A63A-6F142B65E660}.Release|x64.ActiveCfg = Release|x64
		{DBC482E2-52CE-4CD4-A63A-6F142B65E660}.Release|x64.Build.0 = Release|x64
		{DBC482E2-52CE-4CD4-A63A-6F142B65E660}.Release|x64.Deploy.0 = Release|x64
		{DBC482E2-52CE-4CD4-A63A-6F142B65E660}.Release|x86.ActiveCfg = Release|x86
		{DBC482E2-52CE-4CD4-A63A-6F142B65E660}.Release|x86.Build.0 = Release|x86
		{DBC482E2-52CE-4CD4-A63A-6F142B65E660}.Release|x86.Deploy.0 = Release|x86
		{8ECEDBBC-CEAE-42A1-BDFC-B77B24C8A3F8}.Debug|Any CPU.ActiveCfg = Debug|Any CPU
		{8ECEDBBC-CEAE-42A1-BDFC-B77B24C8A3F8}.Debug|Any CPU.Build.0 = Debug|Any CPU
		{8ECEDBBC-CEAE-42A1-BDFC-B77B24C8A3F8}.Debug|ARM.ActiveCfg = Debug|Any CPU
		{8ECEDBBC-CEAE-42A1-BDFC-B77B24C8A3F8}.Debug|ARM.Build.0 = Debug|Any CPU
		{8ECEDBBC-CEAE-42A1-BDFC-B77B24C8A3F8}.Debug|x64.ActiveCfg = Debug|Any CPU
		{8ECEDBBC-CEAE-42A1-BDFC-B77B24C8A3F8}.Debug|x64.Build.0 = Debug|Any CPU
		{8ECEDBBC-CEAE-42A1-BDFC-B77B24C8A3F8}.Debug|x86.ActiveCfg = Debug|Any CPU
		{8ECEDBBC-CEAE-42A1-BDFC-B77B24C8A3F8}.Debug|x86.Build.0 = Debug|Any CPU
		{8ECEDBBC-CEAE-42A1-BDFC-B77B24C8A3F8}.Release|Any CPU.ActiveCfg = Release|Any CPU
		{8ECEDBBC-CEAE-42A1-BDFC-B77B24C8A3F8}.Release|Any CPU.Build.0 = Release|Any CPU
		{8ECEDBBC-CEAE-42A1-BDFC-B77B24C8A3F8}.Release|ARM.ActiveCfg = Release|Any CPU
		{8ECEDBBC-CEAE-42A1-BDFC-B77B24C8A3F8}.Release|ARM.Build.0 = Release|Any CPU
		{8ECEDBBC-CEAE-42A1-BDFC-B77B24C8A3F8}.Release|x64.ActiveCfg = Release|Any CPU
		{8ECEDBBC-CEAE-42A1-BDFC-B77B24C8A3F8}.Release|x64.Build.0 = Release|Any CPU
		{8ECEDBBC-CEAE-42A1-BDFC-B77B24C8A3F8}.Release|x86.ActiveCfg = Release|Any CPU
		{8ECEDBBC-CEAE-42A1-BDFC-B77B24C8A3F8}.Release|x86.Build.0 = Release|Any CPU
		{E226BA68-6630-41D5-B0D0-B817793DAD14}.Debug|Any CPU.ActiveCfg = Debug|Any CPU
		{E226BA68-6630-41D5-B0D0-B817793DAD14}.Debug|Any CPU.Build.0 = Debug|Any CPU
		{E226BA68-6630-41D5-B0D0-B817793DAD14}.Debug|ARM.ActiveCfg = Debug|Any CPU
		{E226BA68-6630-41D5-B0D0-B817793DAD14}.Debug|ARM.Build.0 = Debug|Any CPU
		{E226BA68-6630-41D5-B0D0-B817793DAD14}.Debug|x64.ActiveCfg = Debug|Any CPU
		{E226BA68-6630-41D5-B0D0-B817793DAD14}.Debug|x64.Build.0 = Debug|Any CPU
		{E226BA68-6630-41D5-B0D0-B817793DAD14}.Debug|x86.ActiveCfg = Debug|Any CPU
		{E226BA68-6630-41D5-B0D0-B817793DAD14}.Debug|x86.Build.0 = Debug|Any CPU
		{E226BA68-6630-41D5-B0D0-B817793DAD14}.Release|Any CPU.ActiveCfg = Release|Any CPU
		{E226BA68-6630-41D5-B0D0-B817793DAD14}.Release|Any CPU.Build.0 = Release|Any CPU
		{E226BA68-6630-41D5-B0D0-B817793DAD14}.Release|ARM.ActiveCfg = Release|Any CPU
		{E226BA68-6630-41D5-B0D0-B817793DAD14}.Release|ARM.Build.0 = Release|Any CPU
		{E226BA68-6630-41D5-B0D0-B817793DAD14}.Release|x64.ActiveCfg = Release|Any CPU
		{E226BA68-6630-41D5-B0D0-B817793DAD14}.Release|x64.Build.0 = Release|Any CPU
		{E226BA68-6630-41D5-B0D0-B817793DAD14}.Release|x86.ActiveCfg = Release|Any CPU
		{E226BA68-6630-41D5-B0D0-B817793DAD14}.Release|x86.Build.0 = Release|Any CPU
	EndGlobalSection
	GlobalSection(SolutionProperties) = preSolution
		HideSolutionNode = FALSE
	EndGlobalSection
	GlobalSection(NestedProjects) = preSolution
		{7F81FA3A-8105-49E1-A7D4-010648958D94} = {32A317C2-3A6D-40DF-A1EC-8716B58727E2}
		{864655F0-D4D3-489B-B961-F7CE584C65C1} = {32A317C2-3A6D-40DF-A1EC-8716B58727E2}
		{DBC482E2-52CE-4CD4-A63A-6F142B65E660} = {32A317C2-3A6D-40DF-A1EC-8716B58727E2}
		{8ECEDBBC-CEAE-42A1-BDFC-B77B24C8A3F8} = {32A317C2-3A6D-40DF-A1EC-8716B58727E2}
		{E226BA68-6630-41D5-B0D0-B817793DAD14} = {32A317C2-3A6D-40DF-A1EC-8716B58727E2}
	EndGlobalSection
EndGlobal
