
Microsoft Visual Studio Solution File, Format Version 12.00
# Visual Studio 15
VisualStudioVersion = 15.0.27004.2010
MinimumVisualStudioVersion = 10.0.40219.1
Project("{2150E333-8FDC-42A3-9474-1A3956D46DE8}") = "XF", "XF", "{B9A8E447-CAF3-4B4F-9D3D-09867F8B4F58}"
EndProject
Project("{FAE04EC0-301F-11D3-BF4B-00C04F79EFBC}") = "XFClient.Android", "XFClient\XFClient.Android\XFClient.Android.csproj", "{CD5523F3-5DC0-492C-8EB6-F2D2E652B616}"
EndProject
Project("{FAE04EC0-301F-11D3-BF4B-00C04F79EFBC}") = "XFClient", "XFClient\XFClient\XFClient.csproj", "{E5A7AD2F-122B-47BB-809F-8B7CC731029C}"
EndProject
Project("{FAE04EC0-301F-11D3-BF4B-00C04F79EFBC}") = "XFClient.UWP", "XFClient\XFClient.UWP\XFClient.UWP.csproj", "{D0541E68-DC9D-4486-B4F0-905834AFA640}"
EndProject
Project("{FAE04EC0-301F-11D3-BF4B-00C04F79EFBC}") = "XFClient.iOS", "XFClient\XFClient.iOS\XFClient.iOS.csproj", "{249C021A-A6BD-4109-BC8C-5F7D71DE170B}"
EndProject
Project("{FAE04EC0-301F-11D3-BF4B-00C04F79EFBC}") = "AmqpClient", "AmqpClient\AmqpClient.csproj", "{A38FB48F-967D-4E8C-9702-AEF8DAEFFC90}"
EndProject
Project("{FAE04EC0-301F-11D3-BF4B-00C04F79EFBC}") = "ConsoleTester", "ConsoleTester\ConsoleTester.csproj", "{74EC92F3-D90F-4931-A000-E4F02EAC0232}"
EndProject
Global
	GlobalSection(SolutionConfigurationPlatforms) = preSolution
		Ad-Hoc|Any CPU = Ad-Hoc|Any CPU
		Ad-Hoc|ARM = Ad-Hoc|ARM
		Ad-Hoc|iPhone = Ad-Hoc|iPhone
		Ad-Hoc|iPhoneSimulator = Ad-Hoc|iPhoneSimulator
		Ad-Hoc|x64 = Ad-Hoc|x64
		Ad-Hoc|x86 = Ad-Hoc|x86
		AppStore|Any CPU = AppStore|Any CPU
		AppStore|ARM = AppStore|ARM
		AppStore|iPhone = AppStore|iPhone
		AppStore|iPhoneSimulator = AppStore|iPhoneSimulator
		AppStore|x64 = AppStore|x64
		AppStore|x86 = AppStore|x86
		Debug|Any CPU = Debug|Any CPU
		Debug|ARM = Debug|ARM
		Debug|iPhone = Debug|iPhone
		Debug|iPhoneSimulator = Debug|iPhoneSimulator
		Debug|x64 = Debug|x64
		Debug|x86 = Debug|x86
		Release|Any CPU = Release|Any CPU
		Release|ARM = Release|ARM
		Release|iPhone = Release|iPhone
		Release|iPhoneSimulator = Release|iPhoneSimulator
		Release|x64 = Release|x64
		Release|x86 = Release|x86
	EndGlobalSection
	GlobalSection(ProjectConfigurationPlatforms) = postSolution
		{CD5523F3-5DC0-492C-8EB6-F2D2E652B616}.Ad-Hoc|Any CPU.ActiveCfg = Release|Any CPU
		{CD5523F3-5DC0-492C-8EB6-F2D2E652B616}.Ad-Hoc|Any CPU.Build.0 = Release|Any CPU
		{CD5523F3-5DC0-492C-8EB6-F2D2E652B616}.Ad-Hoc|Any CPU.Deploy.0 = Release|Any CPU
		{CD5523F3-5DC0-492C-8EB6-F2D2E652B616}.Ad-Hoc|ARM.ActiveCfg = Release|Any CPU
		{CD5523F3-5DC0-492C-8EB6-F2D2E652B616}.Ad-Hoc|ARM.Build.0 = Release|Any CPU
		{CD5523F3-5DC0-492C-8EB6-F2D2E652B616}.Ad-Hoc|ARM.Deploy.0 = Release|Any CPU
		{CD5523F3-5DC0-492C-8EB6-F2D2E652B616}.Ad-Hoc|iPhone.ActiveCfg = Release|Any CPU
		{CD5523F3-5DC0-492C-8EB6-F2D2E652B616}.Ad-Hoc|iPhone.Build.0 = Release|Any CPU
		{CD5523F3-5DC0-492C-8EB6-F2D2E652B616}.Ad-Hoc|iPhone.Deploy.0 = Release|Any CPU
		{CD5523F3-5DC0-492C-8EB6-F2D2E652B616}.Ad-Hoc|iPhoneSimulator.ActiveCfg = Release|Any CPU
		{CD5523F3-5DC0-492C-8EB6-F2D2E652B616}.Ad-Hoc|iPhoneSimulator.Build.0 = Release|Any CPU
		{CD5523F3-5DC0-492C-8EB6-F2D2E652B616}.Ad-Hoc|iPhoneSimulator.Deploy.0 = Release|Any CPU
		{CD5523F3-5DC0-492C-8EB6-F2D2E652B616}.Ad-Hoc|x64.ActiveCfg = Release|Any CPU
		{CD5523F3-5DC0-492C-8EB6-F2D2E652B616}.Ad-Hoc|x64.Build.0 = Release|Any CPU
		{CD5523F3-5DC0-492C-8EB6-F2D2E652B616}.Ad-Hoc|x64.Deploy.0 = Release|Any CPU
		{CD5523F3-5DC0-492C-8EB6-F2D2E652B616}.Ad-Hoc|x86.ActiveCfg = Release|Any CPU
		{CD5523F3-5DC0-492C-8EB6-F2D2E652B616}.Ad-Hoc|x86.Build.0 = Release|Any CPU
		{CD5523F3-5DC0-492C-8EB6-F2D2E652B616}.Ad-Hoc|x86.Deploy.0 = Release|Any CPU
		{CD5523F3-5DC0-492C-8EB6-F2D2E652B616}.AppStore|Any CPU.ActiveCfg = Release|Any CPU
		{CD5523F3-5DC0-492C-8EB6-F2D2E652B616}.AppStore|Any CPU.Build.0 = Release|Any CPU
		{CD5523F3-5DC0-492C-8EB6-F2D2E652B616}.AppStore|Any CPU.Deploy.0 = Release|Any CPU
		{CD5523F3-5DC0-492C-8EB6-F2D2E652B616}.AppStore|ARM.ActiveCfg = Release|Any CPU
		{CD5523F3-5DC0-492C-8EB6-F2D2E652B616}.AppStore|ARM.Build.0 = Release|Any CPU
		{CD5523F3-5DC0-492C-8EB6-F2D2E652B616}.AppStore|ARM.Deploy.0 = Release|Any CPU
		{CD5523F3-5DC0-492C-8EB6-F2D2E652B616}.AppStore|iPhone.ActiveCfg = Release|Any CPU
		{CD5523F3-5DC0-492C-8EB6-F2D2E652B616}.AppStore|iPhone.Build.0 = Release|Any CPU
		{CD5523F3-5DC0-492C-8EB6-F2D2E652B616}.AppStore|iPhone.Deploy.0 = Release|Any CPU
		{CD5523F3-5DC0-492C-8EB6-F2D2E652B616}.AppStore|iPhoneSimulator.ActiveCfg = Release|Any CPU
		{CD5523F3-5DC0-492C-8EB6-F2D2E652B616}.AppStore|iPhoneSimulator.Build.0 = Release|Any CPU
		{CD5523F3-5DC0-492C-8EB6-F2D2E652B616}.AppStore|iPhoneSimulator.Deploy.0 = Release|Any CPU
		{CD5523F3-5DC0-492C-8EB6-F2D2E652B616}.AppStore|x64.ActiveCfg = Release|Any CPU
		{CD5523F3-5DC0-492C-8EB6-F2D2E652B616}.AppStore|x64.Build.0 = Release|Any CPU
		{CD5523F3-5DC0-492C-8EB6-F2D2E652B616}.AppStore|x64.Deploy.0 = Release|Any CPU
		{CD5523F3-5DC0-492C-8EB6-F2D2E652B616}.AppStore|x86.ActiveCfg = Release|Any CPU
		{CD5523F3-5DC0-492C-8EB6-F2D2E652B616}.AppStore|x86.Build.0 = Release|Any CPU
		{CD5523F3-5DC0-492C-8EB6-F2D2E652B616}.AppStore|x86.Deploy.0 = Release|Any CPU
		{CD5523F3-5DC0-492C-8EB6-F2D2E652B616}.Debug|Any CPU.ActiveCfg = Debug|Any CPU
		{CD5523F3-5DC0-492C-8EB6-F2D2E652B616}.Debug|Any CPU.Build.0 = Debug|Any CPU
		{CD5523F3-5DC0-492C-8EB6-F2D2E652B616}.Debug|Any CPU.Deploy.0 = Debug|Any CPU
		{CD5523F3-5DC0-492C-8EB6-F2D2E652B616}.Debug|ARM.ActiveCfg = Debug|Any CPU
		{CD5523F3-5DC0-492C-8EB6-F2D2E652B616}.Debug|ARM.Build.0 = Debug|Any CPU
		{CD5523F3-5DC0-492C-8EB6-F2D2E652B616}.Debug|ARM.Deploy.0 = Debug|Any CPU
		{CD5523F3-5DC0-492C-8EB6-F2D2E652B616}.Debug|iPhone.ActiveCfg = Debug|Any CPU
		{CD5523F3-5DC0-492C-8EB6-F2D2E652B616}.Debug|iPhone.Build.0 = Debug|Any CPU
		{CD5523F3-5DC0-492C-8EB6-F2D2E652B616}.Debug|iPhone.Deploy.0 = Debug|Any CPU
		{CD5523F3-5DC0-492C-8EB6-F2D2E652B616}.Debug|iPhoneSimulator.ActiveCfg = Debug|Any CPU
		{CD5523F3-5DC0-492C-8EB6-F2D2E652B616}.Debug|iPhoneSimulator.Build.0 = Debug|Any CPU
		{CD5523F3-5DC0-492C-8EB6-F2D2E652B616}.Debug|iPhoneSimulator.Deploy.0 = Debug|Any CPU
		{CD5523F3-5DC0-492C-8EB6-F2D2E652B616}.Debug|x64.ActiveCfg = Debug|Any CPU
		{CD5523F3-5DC0-492C-8EB6-F2D2E652B616}.Debug|x64.Build.0 = Debug|Any CPU
		{CD5523F3-5DC0-492C-8EB6-F2D2E652B616}.Debug|x64.Deploy.0 = Debug|Any CPU
		{CD5523F3-5DC0-492C-8EB6-F2D2E652B616}.Debug|x86.ActiveCfg = Debug|Any CPU
		{CD5523F3-5DC0-492C-8EB6-F2D2E652B616}.Debug|x86.Build.0 = Debug|Any CPU
		{CD5523F3-5DC0-492C-8EB6-F2D2E652B616}.Debug|x86.Deploy.0 = Debug|Any CPU
		{CD5523F3-5DC0-492C-8EB6-F2D2E652B616}.Release|Any CPU.ActiveCfg = Release|Any CPU
		{CD5523F3-5DC0-492C-8EB6-F2D2E652B616}.Release|Any CPU.Build.0 = Release|Any CPU
		{CD5523F3-5DC0-492C-8EB6-F2D2E652B616}.Release|Any CPU.Deploy.0 = Release|Any CPU
		{CD5523F3-5DC0-492C-8EB6-F2D2E652B616}.Release|ARM.ActiveCfg = Release|Any CPU
		{CD5523F3-5DC0-492C-8EB6-F2D2E652B616}.Release|ARM.Build.0 = Release|Any CPU
		{CD5523F3-5DC0-492C-8EB6-F2D2E652B616}.Release|ARM.Deploy.0 = Release|Any CPU
		{CD5523F3-5DC0-492C-8EB6-F2D2E652B616}.Release|iPhone.ActiveCfg = Release|Any CPU
		{CD5523F3-5DC0-492C-8EB6-F2D2E652B616}.Release|iPhone.Build.0 = Release|Any CPU
		{CD5523F3-5DC0-492C-8EB6-F2D2E652B616}.Release|iPhone.Deploy.0 = Release|Any CPU
		{CD5523F3-5DC0-492C-8EB6-F2D2E652B616}.Release|iPhoneSimulator.ActiveCfg = Release|Any CPU
		{CD5523F3-5DC0-492C-8EB6-F2D2E652B616}.Release|iPhoneSimulator.Build.0 = Release|Any CPU
		{CD5523F3-5DC0-492C-8EB6-F2D2E652B616}.Release|iPhoneSimulator.Deploy.0 = Release|Any CPU
		{CD5523F3-5DC0-492C-8EB6-F2D2E652B616}.Release|x64.ActiveCfg = Release|Any CPU
		{CD5523F3-5DC0-492C-8EB6-F2D2E652B616}.Release|x64.Build.0 = Release|Any CPU
		{CD5523F3-5DC0-492C-8EB6-F2D2E652B616}.Release|x64.Deploy.0 = Release|Any CPU
		{CD5523F3-5DC0-492C-8EB6-F2D2E652B616}.Release|x86.ActiveCfg = Release|Any CPU
		{CD5523F3-5DC0-492C-8EB6-F2D2E652B616}.Release|x86.Build.0 = Release|Any CPU
		{CD5523F3-5DC0-492C-8EB6-F2D2E652B616}.Release|x86.Deploy.0 = Release|Any CPU
		{E5A7AD2F-122B-47BB-809F-8B7CC731029C}.Ad-Hoc|Any CPU.ActiveCfg = Release|Any CPU
		{E5A7AD2F-122B-47BB-809F-8B7CC731029C}.Ad-Hoc|Any CPU.Build.0 = Release|Any CPU
		{E5A7AD2F-122B-47BB-809F-8B7CC731029C}.Ad-Hoc|ARM.ActiveCfg = Release|Any CPU
		{E5A7AD2F-122B-47BB-809F-8B7CC731029C}.Ad-Hoc|ARM.Build.0 = Release|Any CPU
		{E5A7AD2F-122B-47BB-809F-8B7CC731029C}.Ad-Hoc|iPhone.ActiveCfg = Release|Any CPU
		{E5A7AD2F-122B-47BB-809F-8B7CC731029C}.Ad-Hoc|iPhone.Build.0 = Release|Any CPU
		{E5A7AD2F-122B-47BB-809F-8B7CC731029C}.Ad-Hoc|iPhoneSimulator.ActiveCfg = Release|Any CPU
		{E5A7AD2F-122B-47BB-809F-8B7CC731029C}.Ad-Hoc|iPhoneSimulator.Build.0 = Release|Any CPU
		{E5A7AD2F-122B-47BB-809F-8B7CC731029C}.Ad-Hoc|x64.ActiveCfg = Release|Any CPU
		{E5A7AD2F-122B-47BB-809F-8B7CC731029C}.Ad-Hoc|x64.Build.0 = Release|Any CPU
		{E5A7AD2F-122B-47BB-809F-8B7CC731029C}.Ad-Hoc|x86.ActiveCfg = Release|Any CPU
		{E5A7AD2F-122B-47BB-809F-8B7CC731029C}.Ad-Hoc|x86.Build.0 = Release|Any CPU
		{E5A7AD2F-122B-47BB-809F-8B7CC731029C}.AppStore|Any CPU.ActiveCfg = Release|Any CPU
		{E5A7AD2F-122B-47BB-809F-8B7CC731029C}.AppStore|Any CPU.Build.0 = Release|Any CPU
		{E5A7AD2F-122B-47BB-809F-8B7CC731029C}.AppStore|ARM.ActiveCfg = Release|Any CPU
		{E5A7AD2F-122B-47BB-809F-8B7CC731029C}.AppStore|ARM.Build.0 = Release|Any CPU
		{E5A7AD2F-122B-47BB-809F-8B7CC731029C}.AppStore|iPhone.ActiveCfg = Release|Any CPU
		{E5A7AD2F-122B-47BB-809F-8B7CC731029C}.AppStore|iPhone.Build.0 = Release|Any CPU
		{E5A7AD2F-122B-47BB-809F-8B7CC731029C}.AppStore|iPhoneSimulator.ActiveCfg = Release|Any CPU
		{E5A7AD2F-122B-47BB-809F-8B7CC731029C}.AppStore|iPhoneSimulator.Build.0 = Release|Any CPU
		{E5A7AD2F-122B-47BB-809F-8B7CC731029C}.AppStore|x64.ActiveCfg = Release|Any CPU
		{E5A7AD2F-122B-47BB-809F-8B7CC731029C}.AppStore|x64.Build.0 = Release|Any CPU
		{E5A7AD2F-122B-47BB-809F-8B7CC731029C}.AppStore|x86.ActiveCfg = Release|Any CPU
		{E5A7AD2F-122B-47BB-809F-8B7CC731029C}.AppStore|x86.Build.0 = Release|Any CPU
		{E5A7AD2F-122B-47BB-809F-8B7CC731029C}.Debug|Any CPU.ActiveCfg = Debug|Any CPU
		{E5A7AD2F-122B-47BB-809F-8B7CC731029C}.Debug|Any CPU.Build.0 = Debug|Any CPU
		{E5A7AD2F-122B-47BB-809F-8B7CC731029C}.Debug|ARM.ActiveCfg = Debug|Any CPU
		{E5A7AD2F-122B-47BB-809F-8B7CC731029C}.Debug|ARM.Build.0 = Debug|Any CPU
		{E5A7AD2F-122B-47BB-809F-8B7CC731029C}.Debug|iPhone.ActiveCfg = Debug|Any CPU
		{E5A7AD2F-122B-47BB-809F-8B7CC731029C}.Debug|iPhone.Build.0 = Debug|Any CPU
		{E5A7AD2F-122B-47BB-809F-8B7CC731029C}.Debug|iPhoneSimulator.ActiveCfg = Debug|Any CPU
		{E5A7AD2F-122B-47BB-809F-8B7CC731029C}.Debug|iPhoneSimulator.Build.0 = Debug|Any CPU
		{E5A7AD2F-122B-47BB-809F-8B7CC731029C}.Debug|x64.ActiveCfg = Debug|Any CPU
		{E5A7AD2F-122B-47BB-809F-8B7CC731029C}.Debug|x64.Build.0 = Debug|Any CPU
		{E5A7AD2F-122B-47BB-809F-8B7CC731029C}.Debug|x86.ActiveCfg = Debug|Any CPU
		{E5A7AD2F-122B-47BB-809F-8B7CC731029C}.Debug|x86.Build.0 = Debug|Any CPU
		{E5A7AD2F-122B-47BB-809F-8B7CC731029C}.Release|Any CPU.ActiveCfg = Release|Any CPU
		{E5A7AD2F-122B-47BB-809F-8B7CC731029C}.Release|Any CPU.Build.0 = Release|Any CPU
		{E5A7AD2F-122B-47BB-809F-8B7CC731029C}.Release|ARM.ActiveCfg = Release|Any CPU
		{E5A7AD2F-122B-47BB-809F-8B7CC731029C}.Release|ARM.Build.0 = Release|Any CPU
		{E5A7AD2F-122B-47BB-809F-8B7CC731029C}.Release|iPhone.ActiveCfg = Release|Any CPU
		{E5A7AD2F-122B-47BB-809F-8B7CC731029C}.Release|iPhone.Build.0 = Release|Any CPU
		{E5A7AD2F-122B-47BB-809F-8B7CC731029C}.Release|iPhoneSimulator.ActiveCfg = Release|Any CPU
		{E5A7AD2F-122B-47BB-809F-8B7CC731029C}.Release|iPhoneSimulator.Build.0 = Release|Any CPU
		{E5A7AD2F-122B-47BB-809F-8B7CC731029C}.Release|x64.ActiveCfg = Release|Any CPU
		{E5A7AD2F-122B-47BB-809F-8B7CC731029C}.Release|x64.Build.0 = Release|Any CPU
		{E5A7AD2F-122B-47BB-809F-8B7CC731029C}.Release|x86.ActiveCfg = Release|Any CPU
		{E5A7AD2F-122B-47BB-809F-8B7CC731029C}.Release|x86.Build.0 = Release|Any CPU
		{D0541E68-DC9D-4486-B4F0-905834AFA640}.Ad-Hoc|Any CPU.ActiveCfg = Release|x86
		{D0541E68-DC9D-4486-B4F0-905834AFA640}.Ad-Hoc|Any CPU.Build.0 = Release|x86
		{D0541E68-DC9D-4486-B4F0-905834AFA640}.Ad-Hoc|Any CPU.Deploy.0 = Release|x86
		{D0541E68-DC9D-4486-B4F0-905834AFA640}.Ad-Hoc|ARM.ActiveCfg = Release|ARM
		{D0541E68-DC9D-4486-B4F0-905834AFA640}.Ad-Hoc|ARM.Build.0 = Release|ARM
		{D0541E68-DC9D-4486-B4F0-905834AFA640}.Ad-Hoc|ARM.Deploy.0 = Release|ARM
		{D0541E68-DC9D-4486-B4F0-905834AFA640}.Ad-Hoc|iPhone.ActiveCfg = Release|x86
		{D0541E68-DC9D-4486-B4F0-905834AFA640}.Ad-Hoc|iPhone.Build.0 = Release|x86
		{D0541E68-DC9D-4486-B4F0-905834AFA640}.Ad-Hoc|iPhone.Deploy.0 = Release|x86
		{D0541E68-DC9D-4486-B4F0-905834AFA640}.Ad-Hoc|iPhoneSimulator.ActiveCfg = Release|x86
		{D0541E68-DC9D-4486-B4F0-905834AFA640}.Ad-Hoc|iPhoneSimulator.Build.0 = Release|x86
		{D0541E68-DC9D-4486-B4F0-905834AFA640}.Ad-Hoc|iPhoneSimulator.Deploy.0 = Release|x86
		{D0541E68-DC9D-4486-B4F0-905834AFA640}.Ad-Hoc|x64.ActiveCfg = Release|x64
		{D0541E68-DC9D-4486-B4F0-905834AFA640}.Ad-Hoc|x64.Build.0 = Release|x64
		{D0541E68-DC9D-4486-B4F0-905834AFA640}.Ad-Hoc|x64.Deploy.0 = Release|x64
		{D0541E68-DC9D-4486-B4F0-905834AFA640}.Ad-Hoc|x86.ActiveCfg = Release|x86
		{D0541E68-DC9D-4486-B4F0-905834AFA640}.Ad-Hoc|x86.Build.0 = Release|x86
		{D0541E68-DC9D-4486-B4F0-905834AFA640}.Ad-Hoc|x86.Deploy.0 = Release|x86
		{D0541E68-DC9D-4486-B4F0-905834AFA640}.AppStore|Any CPU.ActiveCfg = Release|x86
		{D0541E68-DC9D-4486-B4F0-905834AFA640}.AppStore|Any CPU.Build.0 = Release|x86
		{D0541E68-DC9D-4486-B4F0-905834AFA640}.AppStore|Any CPU.Deploy.0 = Release|x86
		{D0541E68-DC9D-4486-B4F0-905834AFA640}.AppStore|ARM.ActiveCfg = Release|ARM
		{D0541E68-DC9D-4486-B4F0-905834AFA640}.AppStore|ARM.Build.0 = Release|ARM
		{D0541E68-DC9D-4486-B4F0-905834AFA640}.AppStore|ARM.Deploy.0 = Release|ARM
		{D0541E68-DC9D-4486-B4F0-905834AFA640}.AppStore|iPhone.ActiveCfg = Release|x86
		{D0541E68-DC9D-4486-B4F0-905834AFA640}.AppStore|iPhone.Build.0 = Release|x86
		{D0541E68-DC9D-4486-B4F0-905834AFA640}.AppStore|iPhone.Deploy.0 = Release|x86
		{D0541E68-DC9D-4486-B4F0-905834AFA640}.AppStore|iPhoneSimulator.ActiveCfg = Release|x86
		{D0541E68-DC9D-4486-B4F0-905834AFA640}.AppStore|iPhoneSimulator.Build.0 = Release|x86
		{D0541E68-DC9D-4486-B4F0-905834AFA640}.AppStore|iPhoneSimulator.Deploy.0 = Release|x86
		{D0541E68-DC9D-4486-B4F0-905834AFA640}.AppStore|x64.ActiveCfg = Release|x64
		{D0541E68-DC9D-4486-B4F0-905834AFA640}.AppStore|x64.Build.0 = Release|x64
		{D0541E68-DC9D-4486-B4F0-905834AFA640}.AppStore|x64.Deploy.0 = Release|x64
		{D0541E68-DC9D-4486-B4F0-905834AFA640}.AppStore|x86.ActiveCfg = Release|x86
		{D0541E68-DC9D-4486-B4F0-905834AFA640}.AppStore|x86.Build.0 = Release|x86
		{D0541E68-DC9D-4486-B4F0-905834AFA640}.AppStore|x86.Deploy.0 = Release|x86
		{D0541E68-DC9D-4486-B4F0-905834AFA640}.Debug|Any CPU.ActiveCfg = Debug|x86
		{D0541E68-DC9D-4486-B4F0-905834AFA640}.Debug|ARM.ActiveCfg = Debug|ARM
		{D0541E68-DC9D-4486-B4F0-905834AFA640}.Debug|ARM.Build.0 = Debug|ARM
		{D0541E68-DC9D-4486-B4F0-905834AFA640}.Debug|ARM.Deploy.0 = Debug|ARM
		{D0541E68-DC9D-4486-B4F0-905834AFA640}.Debug|iPhone.ActiveCfg = Debug|x86
		{D0541E68-DC9D-4486-B4F0-905834AFA640}.Debug|iPhoneSimulator.ActiveCfg = Debug|x86
		{D0541E68-DC9D-4486-B4F0-905834AFA640}.Debug|x64.ActiveCfg = Debug|x64
		{D0541E68-DC9D-4486-B4F0-905834AFA640}.Debug|x64.Build.0 = Debug|x64
		{D0541E68-DC9D-4486-B4F0-905834AFA640}.Debug|x64.Deploy.0 = Debug|x64
		{D0541E68-DC9D-4486-B4F0-905834AFA640}.Debug|x86.ActiveCfg = Debug|x86
		{D0541E68-DC9D-4486-B4F0-905834AFA640}.Debug|x86.Build.0 = Debug|x86
		{D0541E68-DC9D-4486-B4F0-905834AFA640}.Debug|x86.Deploy.0 = Debug|x86
		{D0541E68-DC9D-4486-B4F0-905834AFA640}.Release|Any CPU.ActiveCfg = Release|x86
		{D0541E68-DC9D-4486-B4F0-905834AFA640}.Release|ARM.ActiveCfg = Release|ARM
		{D0541E68-DC9D-4486-B4F0-905834AFA640}.Release|ARM.Build.0 = Release|ARM
		{D0541E68-DC9D-4486-B4F0-905834AFA640}.Release|ARM.Deploy.0 = Release|ARM
		{D0541E68-DC9D-4486-B4F0-905834AFA640}.Release|iPhone.ActiveCfg = Release|x86
		{D0541E68-DC9D-4486-B4F0-905834AFA640}.Release|iPhoneSimulator.ActiveCfg = Release|x86
		{D0541E68-DC9D-4486-B4F0-905834AFA640}.Release|x64.ActiveCfg = Release|x64
		{D0541E68-DC9D-4486-B4F0-905834AFA640}.Release|x64.Build.0 = Release|x64
		{D0541E68-DC9D-4486-B4F0-905834AFA640}.Release|x64.Deploy.0 = Release|x64
		{D0541E68-DC9D-4486-B4F0-905834AFA640}.Release|x86.ActiveCfg = Release|x86
		{D0541E68-DC9D-4486-B4F0-905834AFA640}.Release|x86.Build.0 = Release|x86
		{D0541E68-DC9D-4486-B4F0-905834AFA640}.Release|x86.Deploy.0 = Release|x86
		{249C021A-A6BD-4109-BC8C-5F7D71DE170B}.Ad-Hoc|Any CPU.ActiveCfg = Ad-Hoc|iPhone
		{249C021A-A6BD-4109-BC8C-5F7D71DE170B}.Ad-Hoc|ARM.ActiveCfg = Ad-Hoc|iPhone
		{249C021A-A6BD-4109-BC8C-5F7D71DE170B}.Ad-Hoc|iPhone.ActiveCfg = Ad-Hoc|iPhone
		{249C021A-A6BD-4109-BC8C-5F7D71DE170B}.Ad-Hoc|iPhone.Build.0 = Ad-Hoc|iPhone
		{249C021A-A6BD-4109-BC8C-5F7D71DE170B}.Ad-Hoc|iPhoneSimulator.ActiveCfg = Ad-Hoc|iPhoneSimulator
		{249C021A-A6BD-4109-BC8C-5F7D71DE170B}.Ad-Hoc|iPhoneSimulator.Build.0 = Ad-Hoc|iPhoneSimulator
		{249C021A-A6BD-4109-BC8C-5F7D71DE170B}.Ad-Hoc|x64.ActiveCfg = Ad-Hoc|iPhone
		{249C021A-A6BD-4109-BC8C-5F7D71DE170B}.Ad-Hoc|x86.ActiveCfg = Ad-Hoc|iPhone
		{249C021A-A6BD-4109-BC8C-5F7D71DE170B}.AppStore|Any CPU.ActiveCfg = AppStore|iPhone
		{249C021A-A6BD-4109-BC8C-5F7D71DE170B}.AppStore|ARM.ActiveCfg = AppStore|iPhone
		{249C021A-A6BD-4109-BC8C-5F7D71DE170B}.AppStore|iPhone.ActiveCfg = AppStore|iPhone
		{249C021A-A6BD-4109-BC8C-5F7D71DE170B}.AppStore|iPhone.Build.0 = AppStore|iPhone
		{249C021A-A6BD-4109-BC8C-5F7D71DE170B}.AppStore|iPhoneSimulator.ActiveCfg = AppStore|iPhoneSimulator
		{249C021A-A6BD-4109-BC8C-5F7D71DE170B}.AppStore|iPhoneSimulator.Build.0 = AppStore|iPhoneSimulator
		{249C021A-A6BD-4109-BC8C-5F7D71DE170B}.AppStore|x64.ActiveCfg = AppStore|iPhone
		{249C021A-A6BD-4109-BC8C-5F7D71DE170B}.AppStore|x86.ActiveCfg = AppStore|iPhone
		{249C021A-A6BD-4109-BC8C-5F7D71DE170B}.Debug|Any CPU.ActiveCfg = Debug|iPhone
		{249C021A-A6BD-4109-BC8C-5F7D71DE170B}.Debug|ARM.ActiveCfg = Debug|iPhone
		{249C021A-A6BD-4109-BC8C-5F7D71DE170B}.Debug|iPhone.ActiveCfg = Debug|iPhone
		{249C021A-A6BD-4109-BC8C-5F7D71DE170B}.Debug|iPhone.Build.0 = Debug|iPhone
		{249C021A-A6BD-4109-BC8C-5F7D71DE170B}.Debug|iPhoneSimulator.ActiveCfg = Debug|iPhoneSimulator
		{249C021A-A6BD-4109-BC8C-5F7D71DE170B}.Debug|iPhoneSimulator.Build.0 = Debug|iPhoneSimulator
		{249C021A-A6BD-4109-BC8C-5F7D71DE170B}.Debug|x64.ActiveCfg = Debug|iPhone
		{249C021A-A6BD-4109-BC8C-5F7D71DE170B}.Debug|x86.ActiveCfg = Debug|iPhone
		{249C021A-A6BD-4109-BC8C-5F7D71DE170B}.Release|Any CPU.ActiveCfg = Release|iPhone
		{249C021A-A6BD-4109-BC8C-5F7D71DE170B}.Release|ARM.ActiveCfg = Release|iPhone
		{249C021A-A6BD-4109-BC8C-5F7D71DE170B}.Release|iPhone.ActiveCfg = Release|iPhone
		{249C021A-A6BD-4109-BC8C-5F7D71DE170B}.Release|iPhone.Build.0 = Release|iPhone
		{249C021A-A6BD-4109-BC8C-5F7D71DE170B}.Release|iPhoneSimulator.ActiveCfg = Release|iPhoneSimulator
		{249C021A-A6BD-4109-BC8C-5F7D71DE170B}.Release|iPhoneSimulator.Build.0 = Release|iPhoneSimulator
		{249C021A-A6BD-4109-BC8C-5F7D71DE170B}.Release|x64.ActiveCfg = Release|iPhone
		{249C021A-A6BD-4109-BC8C-5F7D71DE170B}.Release|x86.ActiveCfg = Release|iPhone
		{A38FB48F-967D-4E8C-9702-AEF8DAEFFC90}.Ad-Hoc|Any CPU.ActiveCfg = Release|Any CPU
		{A38FB48F-967D-4E8C-9702-AEF8DAEFFC90}.Ad-Hoc|Any CPU.Build.0 = Release|Any CPU
		{A38FB48F-967D-4E8C-9702-AEF8DAEFFC90}.Ad-Hoc|ARM.ActiveCfg = Release|Any CPU
		{A38FB48F-967D-4E8C-9702-AEF8DAEFFC90}.Ad-Hoc|ARM.Build.0 = Release|Any CPU
		{A38FB48F-967D-4E8C-9702-AEF8DAEFFC90}.Ad-Hoc|iPhone.ActiveCfg = Release|Any CPU
		{A38FB48F-967D-4E8C-9702-AEF8DAEFFC90}.Ad-Hoc|iPhone.Build.0 = Release|Any CPU
		{A38FB48F-967D-4E8C-9702-AEF8DAEFFC90}.Ad-Hoc|iPhoneSimulator.ActiveCfg = Release|Any CPU
		{A38FB48F-967D-4E8C-9702-AEF8DAEFFC90}.Ad-Hoc|iPhoneSimulator.Build.0 = Release|Any CPU
		{A38FB48F-967D-4E8C-9702-AEF8DAEFFC90}.Ad-Hoc|x64.ActiveCfg = Release|Any CPU
		{A38FB48F-967D-4E8C-9702-AEF8DAEFFC90}.Ad-Hoc|x64.Build.0 = Release|Any CPU
		{A38FB48F-967D-4E8C-9702-AEF8DAEFFC90}.Ad-Hoc|x86.ActiveCfg = Release|Any CPU
		{A38FB48F-967D-4E8C-9702-AEF8DAEFFC90}.Ad-Hoc|x86.Build.0 = Release|Any CPU
		{A38FB48F-967D-4E8C-9702-AEF8DAEFFC90}.AppStore|Any CPU.ActiveCfg = Release|Any CPU
		{A38FB48F-967D-4E8C-9702-AEF8DAEFFC90}.AppStore|Any CPU.Build.0 = Release|Any CPU
		{A38FB48F-967D-4E8C-9702-AEF8DAEFFC90}.AppStore|ARM.ActiveCfg = Release|Any CPU
		{A38FB48F-967D-4E8C-9702-AEF8DAEFFC90}.AppStore|ARM.Build.0 = Release|Any CPU
		{A38FB48F-967D-4E8C-9702-AEF8DAEFFC90}.AppStore|iPhone.ActiveCfg = Release|Any CPU
		{A38FB48F-967D-4E8C-9702-AEF8DAEFFC90}.AppStore|iPhone.Build.0 = Release|Any CPU
		{A38FB48F-967D-4E8C-9702-AEF8DAEFFC90}.AppStore|iPhoneSimulator.ActiveCfg = Release|Any CPU
		{A38FB48F-967D-4E8C-9702-AEF8DAEFFC90}.AppStore|iPhoneSimulator.Build.0 = Release|Any CPU
		{A38FB48F-967D-4E8C-9702-AEF8DAEFFC90}.AppStore|x64.ActiveCfg = Release|Any CPU
		{A38FB48F-967D-4E8C-9702-AEF8DAEFFC90}.AppStore|x64.Build.0 = Release|Any CPU
		{A38FB48F-967D-4E8C-9702-AEF8DAEFFC90}.AppStore|x86.ActiveCfg = Release|Any CPU
		{A38FB48F-967D-4E8C-9702-AEF8DAEFFC90}.AppStore|x86.Build.0 = Release|Any CPU
		{A38FB48F-967D-4E8C-9702-AEF8DAEFFC90}.Debug|Any CPU.ActiveCfg = Debug|Any CPU
		{A38FB48F-967D-4E8C-9702-AEF8DAEFFC90}.Debug|Any CPU.Build.0 = Debug|Any CPU
		{A38FB48F-967D-4E8C-9702-AEF8DAEFFC90}.Debug|ARM.ActiveCfg = Debug|Any CPU
		{A38FB48F-967D-4E8C-9702-AEF8DAEFFC90}.Debug|ARM.Build.0 = Debug|Any CPU
		{A38FB48F-967D-4E8C-9702-AEF8DAEFFC90}.Debug|iPhone.ActiveCfg = Debug|Any CPU
		{A38FB48F-967D-4E8C-9702-AEF8DAEFFC90}.Debug|iPhone.Build.0 = Debug|Any CPU
		{A38FB48F-967D-4E8C-9702-AEF8DAEFFC90}.Debug|iPhoneSimulator.ActiveCfg = Debug|Any CPU
		{A38FB48F-967D-4E8C-9702-AEF8DAEFFC90}.Debug|iPhoneSimulator.Build.0 = Debug|Any CPU
		{A38FB48F-967D-4E8C-9702-AEF8DAEFFC90}.Debug|x64.ActiveCfg = Debug|Any CPU
		{A38FB48F-967D-4E8C-9702-AEF8DAEFFC90}.Debug|x64.Build.0 = Debug|Any CPU
		{A38FB48F-967D-4E8C-9702-AEF8DAEFFC90}.Debug|x86.ActiveCfg = Debug|Any CPU
		{A38FB48F-967D-4E8C-9702-AEF8DAEFFC90}.Debug|x86.Build.0 = Debug|Any CPU
		{A38FB48F-967D-4E8C-9702-AEF8DAEFFC90}.Release|Any CPU.ActiveCfg = Release|Any CPU
		{A38FB48F-967D-4E8C-9702-AEF8DAEFFC90}.Release|Any CPU.Build.0 = Release|Any CPU
		{A38FB48F-967D-4E8C-9702-AEF8DAEFFC90}.Release|ARM.ActiveCfg = Release|Any CPU
		{A38FB48F-967D-4E8C-9702-AEF8DAEFFC90}.Release|ARM.Build.0 = Release|Any CPU
		{A38FB48F-967D-4E8C-9702-AEF8DAEFFC90}.Release|iPhone.ActiveCfg = Release|Any CPU
		{A38FB48F-967D-4E8C-9702-AEF8DAEFFC90}.Release|iPhone.Build.0 = Release|Any CPU
		{A38FB48F-967D-4E8C-9702-AEF8DAEFFC90}.Release|iPhoneSimulator.ActiveCfg = Release|Any CPU
		{A38FB48F-967D-4E8C-9702-AEF8DAEFFC90}.Release|iPhoneSimulator.Build.0 = Release|Any CPU
		{A38FB48F-967D-4E8C-9702-AEF8DAEFFC90}.Release|x64.ActiveCfg = Release|Any CPU
		{A38FB48F-967D-4E8C-9702-AEF8DAEFFC90}.Release|x64.Build.0 = Release|Any CPU
		{A38FB48F-967D-4E8C-9702-AEF8DAEFFC90}.Release|x86.ActiveCfg = Release|Any CPU
		{A38FB48F-967D-4E8C-9702-AEF8DAEFFC90}.Release|x86.Build.0 = Release|Any CPU
		{74EC92F3-D90F-4931-A000-E4F02EAC0232}.Ad-Hoc|Any CPU.ActiveCfg = Release|Any CPU
		{74EC92F3-D90F-4931-A000-E4F02EAC0232}.Ad-Hoc|Any CPU.Build.0 = Release|Any CPU
		{74EC92F3-D90F-4931-A000-E4F02EAC0232}.Ad-Hoc|ARM.ActiveCfg = Release|Any CPU
		{74EC92F3-D90F-4931-A000-E4F02EAC0232}.Ad-Hoc|ARM.Build.0 = Release|Any CPU
		{74EC92F3-D90F-4931-A000-E4F02EAC0232}.Ad-Hoc|iPhone.ActiveCfg = Release|Any CPU
		{74EC92F3-D90F-4931-A000-E4F02EAC0232}.Ad-Hoc|iPhone.Build.0 = Release|Any CPU
		{74EC92F3-D90F-4931-A000-E4F02EAC0232}.Ad-Hoc|iPhoneSimulator.ActiveCfg = Release|Any CPU
		{74EC92F3-D90F-4931-A000-E4F02EAC0232}.Ad-Hoc|iPhoneSimulator.Build.0 = Release|Any CPU
		{74EC92F3-D90F-4931-A000-E4F02EAC0232}.Ad-Hoc|x64.ActiveCfg = Release|Any CPU
		{74EC92F3-D90F-4931-A000-E4F02EAC0232}.Ad-Hoc|x64.Build.0 = Release|Any CPU
		{74EC92F3-D90F-4931-A000-E4F02EAC0232}.Ad-Hoc|x86.ActiveCfg = Release|Any CPU
		{74EC92F3-D90F-4931-A000-E4F02EAC0232}.Ad-Hoc|x86.Build.0 = Release|Any CPU
		{74EC92F3-D90F-4931-A000-E4F02EAC0232}.AppStore|Any CPU.ActiveCfg = Release|Any CPU
		{74EC92F3-D90F-4931-A000-E4F02EAC0232}.AppStore|Any CPU.Build.0 = Release|Any CPU
		{74EC92F3-D90F-4931-A000-E4F02EAC0232}.AppStore|ARM.ActiveCfg = Release|Any CPU
		{74EC92F3-D90F-4931-A000-E4F02EAC0232}.AppStore|ARM.Build.0 = Release|Any CPU
		{74EC92F3-D90F-4931-A000-E4F02EAC0232}.AppStore|iPhone.ActiveCfg = Release|Any CPU
		{74EC92F3-D90F-4931-A000-E4F02EAC0232}.AppStore|iPhone.Build.0 = Release|Any CPU
		{74EC92F3-D90F-4931-A000-E4F02EAC0232}.AppStore|iPhoneSimulator.ActiveCfg = Release|Any CPU
		{74EC92F3-D90F-4931-A000-E4F02EAC0232}.AppStore|iPhoneSimulator.Build.0 = Release|Any CPU
		{74EC92F3-D90F-4931-A000-E4F02EAC0232}.AppStore|x64.ActiveCfg = Release|Any CPU
		{74EC92F3-D90F-4931-A000-E4F02EAC0232}.AppStore|x64.Build.0 = Release|Any CPU
		{74EC92F3-D90F-4931-A000-E4F02EAC0232}.AppStore|x86.ActiveCfg = Release|Any CPU
		{74EC92F3-D90F-4931-A000-E4F02EAC0232}.AppStore|x86.Build.0 = Release|Any CPU
		{74EC92F3-D90F-4931-A000-E4F02EAC0232}.Debug|Any CPU.ActiveCfg = Debug|Any CPU
		{74EC92F3-D90F-4931-A000-E4F02EAC0232}.Debug|Any CPU.Build.0 = Debug|Any CPU
		{74EC92F3-D90F-4931-A000-E4F02EAC0232}.Debug|ARM.ActiveCfg = Debug|Any CPU
		{74EC92F3-D90F-4931-A000-E4F02EAC0232}.Debug|ARM.Build.0 = Debug|Any CPU
		{74EC92F3-D90F-4931-A000-E4F02EAC0232}.Debug|iPhone.ActiveCfg = Debug|Any CPU
		{74EC92F3-D90F-4931-A000-E4F02EAC0232}.Debug|iPhone.Build.0 = Debug|Any CPU
		{74EC92F3-D90F-4931-A000-E4F02EAC0232}.Debug|iPhoneSimulator.ActiveCfg = Debug|Any CPU
		{74EC92F3-D90F-4931-A000-E4F02EAC0232}.Debug|iPhoneSimulator.Build.0 = Debug|Any CPU
		{74EC92F3-D90F-4931-A000-E4F02EAC0232}.Debug|x64.ActiveCfg = Debug|Any CPU
		{74EC92F3-D90F-4931-A000-E4F02EAC0232}.Debug|x64.Build.0 = Debug|Any CPU
		{74EC92F3-D90F-4931-A000-E4F02EAC0232}.Debug|x86.ActiveCfg = Debug|Any CPU
		{74EC92F3-D90F-4931-A000-E4F02EAC0232}.Debug|x86.Build.0 = Debug|Any CPU
		{74EC92F3-D90F-4931-A000-E4F02EAC0232}.Release|Any CPU.ActiveCfg = Release|Any CPU
		{74EC92F3-D90F-4931-A000-E4F02EAC0232}.Release|Any CPU.Build.0 = Release|Any CPU
		{74EC92F3-D90F-4931-A000-E4F02EAC0232}.Release|ARM.ActiveCfg = Release|Any CPU
		{74EC92F3-D90F-4931-A000-E4F02EAC0232}.Release|ARM.Build.0 = Release|Any CPU
		{74EC92F3-D90F-4931-A000-E4F02EAC0232}.Release|iPhone.ActiveCfg = Release|Any CPU
		{74EC92F3-D90F-4931-A000-E4F02EAC0232}.Release|iPhone.Build.0 = Release|Any CPU
		{74EC92F3-D90F-4931-A000-E4F02EAC0232}.Release|iPhoneSimulator.ActiveCfg = Release|Any CPU
		{74EC92F3-D90F-4931-A000-E4F02EAC0232}.Release|iPhoneSimulator.Build.0 = Release|Any CPU
		{74EC92F3-D90F-4931-A000-E4F02EAC0232}.Release|x64.ActiveCfg = Release|Any CPU
		{74EC92F3-D90F-4931-A000-E4F02EAC0232}.Release|x64.Build.0 = Release|Any CPU
		{74EC92F3-D90F-4931-A000-E4F02EAC0232}.Release|x86.ActiveCfg = Release|Any CPU
		{74EC92F3-D90F-4931-A000-E4F02EAC0232}.Release|x86.Build.0 = Release|Any CPU
	EndGlobalSection
	GlobalSection(SolutionProperties) = preSolution
		HideSolutionNode = FALSE
	EndGlobalSection
	GlobalSection(NestedProjects) = preSolution
		{CD5523F3-5DC0-492C-8EB6-F2D2E652B616} = {B9A8E447-CAF3-4B4F-9D3D-09867F8B4F58}
		{E5A7AD2F-122B-47BB-809F-8B7CC731029C} = {B9A8E447-CAF3-4B4F-9D3D-09867F8B4F58}
		{D0541E68-DC9D-4486-B4F0-905834AFA640} = {B9A8E447-CAF3-4B4F-9D3D-09867F8B4F58}
		{249C021A-A6BD-4109-BC8C-5F7D71DE170B} = {B9A8E447-CAF3-4B4F-9D3D-09867F8B4F58}
	EndGlobalSection
	GlobalSection(ExtensibilityGlobals) = postSolution
		SolutionGuid = {16610F80-0AF1-4C89-A2A5-B9E55CE26A2F}
	EndGlobalSection
EndGlobal
